{
  "version": 4,
  "terraform_version": "1.9.2",
  "serial": 62,
  "lineage": "3414196c-7a94-785e-c26a-a080b03b983d",
  "outputs": {
    "batchComputeEnvArn": {
      "value": "arn:aws:batch:us-east-1:058264225399:compute-environment/geonex-odm-dev-computeenvironment",
      "type": "string"
    },
    "batchJobQueueName": {
      "value": "geonex-odm-dev-jobqueue",
      "type": "string"
    },
    "docker_image": {
      "value": "058264225399.dkr.ecr.us-east-1.amazonaws.com/geonex-odm-dev-codm:latest",
      "type": "string"
    },
    "ecsClusterArn": {
      "value": "arn:aws:ecs:us-east-1:058264225399:cluster/geonex-odm-dev-computeenvironment_Batch_dc97f651-360f-3dcb-b892-0af0f43c0221",
      "type": "string"
    },
    "prefix": {
      "value": "geonex-odm",
      "type": "string"
    },
    "snsTopic": {
      "value": "arn:aws:sns:us-east-1:058264225399:geonex-odm-dev-notifications",
      "type": "string"
    },
    "stage": {
      "value": "dev",
      "type": "string"
    }
  },
  "resources": [
    {
      "module": "module.resources",
      "mode": "data",
      "type": "archive_file",
      "name": "lambda_layer_zip",
      "provider": "provider[\"registry.terraform.io/hashicorp/archive\"]",
      "instances": [
        {
          "schema_version": 0,
          "attributes": {
            "exclude_symlink_directories": null,
            "excludes": null,
            "id": "f1e53867842d3c15748ee03dd4a07b46dbdf7843",
            "output_base64sha256": "WdVV8SNmKOn0j2DpMiIintZxqGpTDqbk0Ukzi4SbNa4=",
            "output_base64sha512": "kpvITYRZqUyR0/DQjmNzk4jAhK5wF3jbdfvTpOWCfqgZnYTwRLSDLyixVB/v//NrLaKL1ph66kPJg24r7xPGnQ==",
            "output_file_mode": null,
            "output_md5": "2d0b57434a50e6828260f73632f2b0f3",
            "output_path": "./lambda-layer.zip",
            "output_sha": "f1e53867842d3c15748ee03dd4a07b46dbdf7843",
            "output_sha256": "59d555f1236628e9f48f60e93222229ed671a86a530ea6e4d149338b849b35ae",
            "output_sha512": "929bc84d8459a94c91d3f0d08e63739388c084ae701778db75fbd3a4e5827ea8199d84f044b4832f28b1541feffff36b2da28bd6987aea43c9836e2bef13c69d",
            "output_size": 15640144,
            "source": [],
            "source_content": null,
            "source_content_filename": null,
            "source_dir": "./builds",
            "source_file": null,
            "type": "zip"
          },
          "sensitive_attributes": []
        }
      ]
    },
    {
      "module": "module.resources",
      "mode": "data",
      "type": "archive_file",
      "name": "python_lambda_package",
      "provider": "provider[\"registry.terraform.io/hashicorp/archive\"]",
      "instances": [
        {
          "schema_version": 0,
          "attributes": {
            "exclude_symlink_directories": null,
            "excludes": null,
            "id": "196b7aa0f587502af0c7709100f532d3b11e8ee9",
            "output_base64sha256": "0Xpfd4XjQI2aQopaXjdh9M2adlUF3C/sE/jSrnsO2zs=",
            "output_base64sha512": "uL16gfLI4B7dpOevQbH4yDkfLh824jHBS8Fzyrw/ZrC78iFcLdTX1LsC4zx6e+Fk8zVozucUpriTl/sJMgwDsQ==",
            "output_file_mode": null,
            "output_md5": "55c8768c74756900d1cee1218adc4f8b",
            "output_path": "./lambda-functions.zip",
            "output_sha": "196b7aa0f587502af0c7709100f532d3b11e8ee9",
            "output_sha256": "d17a5f7785e3408d9a428a5a5e3761f4cd9a765505dc2fec13f8d2ae7b0edb3b",
            "output_sha512": "b8bd7a81f2c8e01edda4e7af41b1f8c8391f2e1f36e231c14bc173cabc3f66b0bbf2215c2dd4d7d4bb02e33c7a7be164f33568cee714a6b89397fb09320c03b1",
            "output_size": 4538,
            "source": [],
            "source_content": null,
            "source_content_filename": null,
            "source_dir": "./lambda/",
            "source_file": null,
            "type": "zip"
          },
          "sensitive_attributes": []
        }
      ]
    },
    {
      "module": "module.resources",
      "mode": "data",
      "type": "aws_availability_zone",
      "name": "available",
      "provider": "provider[\"registry.terraform.io/hashicorp/aws\"]",
      "instances": [
        {
          "index_key": "us-east-1a",
          "schema_version": 0,
          "attributes": {
            "all_availability_zones": null,
            "filter": null,
            "group_name": "us-east-1",
            "id": "us-east-1a",
            "name": "us-east-1a",
            "name_suffix": "a",
            "network_border_group": "us-east-1",
            "opt_in_status": "opt-in-not-required",
            "parent_zone_id": "",
            "parent_zone_name": "",
            "region": "us-east-1",
            "state": "available",
            "timeouts": null,
            "zone_id": "use1-az6",
            "zone_type": "availability-zone"
          },
          "sensitive_attributes": []
        },
        {
          "index_key": "us-east-1b",
          "schema_version": 0,
          "attributes": {
            "all_availability_zones": null,
            "filter": null,
            "group_name": "us-east-1",
            "id": "us-east-1b",
            "name": "us-east-1b",
            "name_suffix": "b",
            "network_border_group": "us-east-1",
            "opt_in_status": "opt-in-not-required",
            "parent_zone_id": "",
            "parent_zone_name": "",
            "region": "us-east-1",
            "state": "available",
            "timeouts": null,
            "zone_id": "use1-az1",
            "zone_type": "availability-zone"
          },
          "sensitive_attributes": []
        },
        {
          "index_key": "us-east-1c",
          "schema_version": 0,
          "attributes": {
            "all_availability_zones": null,
            "filter": null,
            "group_name": "us-east-1",
            "id": "us-east-1c",
            "name": "us-east-1c",
            "name_suffix": "c",
            "network_border_group": "us-east-1",
            "opt_in_status": "opt-in-not-required",
            "parent_zone_id": "",
            "parent_zone_name": "",
            "region": "us-east-1",
            "state": "available",
            "timeouts": null,
            "zone_id": "use1-az2",
            "zone_type": "availability-zone"
          },
          "sensitive_attributes": []
        },
        {
          "index_key": "us-east-1d",
          "schema_version": 0,
          "attributes": {
            "all_availability_zones": null,
            "filter": null,
            "group_name": "us-east-1",
            "id": "us-east-1d",
            "name": "us-east-1d",
            "name_suffix": "d",
            "network_border_group": "us-east-1",
            "opt_in_status": "opt-in-not-required",
            "parent_zone_id": "",
            "parent_zone_name": "",
            "region": "us-east-1",
            "state": "available",
            "timeouts": null,
            "zone_id": "use1-az4",
            "zone_type": "availability-zone"
          },
          "sensitive_attributes": []
        },
        {
          "index_key": "us-east-1e",
          "schema_version": 0,
          "attributes": {
            "all_availability_zones": null,
            "filter": null,
            "group_name": "us-east-1",
            "id": "us-east-1e",
            "name": "us-east-1e",
            "name_suffix": "e",
            "network_border_group": "us-east-1",
            "opt_in_status": "opt-in-not-required",
            "parent_zone_id": "",
            "parent_zone_name": "",
            "region": "us-east-1",
            "state": "available",
            "timeouts": null,
            "zone_id": "use1-az3",
            "zone_type": "availability-zone"
          },
          "sensitive_attributes": []
        },
        {
          "index_key": "us-east-1f",
          "schema_version": 0,
          "attributes": {
            "all_availability_zones": null,
            "filter": null,
            "group_name": "us-east-1",
            "id": "us-east-1f",
            "name": "us-east-1f",
            "name_suffix": "f",
            "network_border_group": "us-east-1",
            "opt_in_status": "opt-in-not-required",
            "parent_zone_id": "",
            "parent_zone_name": "",
            "region": "us-east-1",
            "state": "available",
            "timeouts": null,
            "zone_id": "use1-az5",
            "zone_type": "availability-zone"
          },
          "sensitive_attributes": []
        }
      ]
    },
    {
      "module": "module.resources",
      "mode": "data",
      "type": "aws_availability_zones",
      "name": "available",
      "provider": "provider[\"registry.terraform.io/hashicorp/aws\"]",
      "instances": [
        {
          "schema_version": 0,
          "attributes": {
            "all_availability_zones": null,
            "exclude_names": null,
            "exclude_zone_ids": null,
            "filter": null,
            "group_names": [
              "us-east-1"
            ],
            "id": "us-east-1",
            "names": [
              "us-east-1a",
              "us-east-1b",
              "us-east-1c",
              "us-east-1d",
              "us-east-1e",
              "us-east-1f"
            ],
            "state": "available",
            "timeouts": null,
            "zone_ids": [
              "use1-az6",
              "use1-az1",
              "use1-az2",
              "use1-az4",
              "use1-az3",
              "use1-az5"
            ]
          },
          "sensitive_attributes": []
        }
      ]
    },
    {
      "module": "module.resources",
      "mode": "data",
      "type": "aws_caller_identity",
      "name": "current",
      "provider": "provider[\"registry.terraform.io/hashicorp/aws\"]",
      "instances": [
        {
          "schema_version": 0,
          "attributes": {
            "account_id": "058264225399",
            "arn": "arn:aws:iam::058264225399:user/webodm_installer",
            "id": "058264225399",
            "user_id": "AIDAQ3EGRQZ3UDWJKEKDT"
          },
          "sensitive_attributes": []
        }
      ]
    },
    {
      "module": "module.resources",
      "mode": "data",
      "type": "aws_ecr_image",
      "name": "batch_ecr_image",
      "provider": "provider[\"registry.terraform.io/hashicorp/aws\"]",
      "instances": [
        {
          "schema_version": 0,
          "attributes": {
            "id": "sha256:ff159c1ea603793614927cc08ff3ac323d25f233eff88cf2aa716c4ae13cbe1e",
            "image_digest": "sha256:ff159c1ea603793614927cc08ff3ac323d25f233eff88cf2aa716c4ae13cbe1e",
            "image_pushed_at": 1721975479,
            "image_size_in_bytes": 612557314,
            "image_tag": "latest",
            "image_tags": [
              "latest"
            ],
            "image_uri": "058264225399.dkr.ecr.us-east-1.amazonaws.com/geonex-odm-dev-codm@sha256:ff159c1ea603793614927cc08ff3ac323d25f233eff88cf2aa716c4ae13cbe1e",
            "most_recent": null,
            "registry_id": "058264225399",
            "repository_name": "geonex-odm-dev-codm"
          },
          "sensitive_attributes": []
        }
      ]
    },
    {
      "module": "module.resources",
      "mode": "data",
      "type": "aws_iam_policy_document",
      "name": "iam_for_lambda_policy_document",
      "provider": "provider[\"registry.terraform.io/hashicorp/aws\"]",
      "instances": [
        {
          "schema_version": 0,
          "attributes": {
            "id": "2115817601",
            "json": "{\n  \"Version\": \"2012-10-17\",\n  \"Statement\": [\n    {\n      \"Sid\": \"CreateCloudWatchLogs\",\n      \"Effect\": \"Allow\",\n      \"Action\": [\n        \"logs:PutLogEvents\",\n        \"logs:CreateLogStream\",\n        \"logs:CreateLogGroup\"\n      ],\n      \"Resource\": \"*\"\n    },\n    {\n      \"Sid\": \"DoLambdaStuff\",\n      \"Effect\": \"Allow\",\n      \"Action\": [\n        \"sqs:SendMessageBatch\",\n        \"sqs:SendMessage\",\n        \"sqs:ReceiveMessage\",\n        \"sqs:ListQueues\",\n        \"sqs:ListQueueTags\",\n        \"sqs:GetQueueUrl\",\n        \"sqs:GetQueueAttributes\",\n        \"sqs:DeleteMessage\",\n        \"sns:Subscribe\",\n        \"sns:SetSubscriptionAttributes\",\n        \"sns:Publish\",\n        \"sns:ListSubscriptionsByTopic\",\n        \"sns:GetTopicAttributes\",\n        \"sns:GetSubscriptionAttributes\",\n        \"ses:SendRawEmail\",\n        \"ses:SendEmail\",\n        \"s3:PutObjectTagging\",\n        \"s3:PutObject\",\n        \"s3:ListBucket\",\n        \"s3:GetObject\",\n        \"s3:GetBucketTagging\",\n        \"s3:DeleteObject\",\n        \"lambda:ListTags\",\n        \"batch:TerminateJob\",\n        \"batch:SubmitJob\",\n        \"batch:List*\",\n        \"batch:Describe*\",\n        \"batch:CancelJob\"\n      ],\n      \"Resource\": \"*\"\n    },\n    {\n      \"Sid\": \"reads3\",\n      \"Effect\": \"Allow\",\n      \"Action\": \"s3:Get*\",\n      \"Resource\": [\n        \"arn:aws:s3:::geonex-odm-dev-codm/*\",\n        \"arn:aws:s3:::geonex-odm-dev-codm\"\n      ]\n    }\n  ]\n}",
            "minified_json": "{\"Version\":\"2012-10-17\",\"Statement\":[{\"Sid\":\"CreateCloudWatchLogs\",\"Effect\":\"Allow\",\"Action\":[\"logs:PutLogEvents\",\"logs:CreateLogStream\",\"logs:CreateLogGroup\"],\"Resource\":\"*\"},{\"Sid\":\"DoLambdaStuff\",\"Effect\":\"Allow\",\"Action\":[\"sqs:SendMessageBatch\",\"sqs:SendMessage\",\"sqs:ReceiveMessage\",\"sqs:ListQueues\",\"sqs:ListQueueTags\",\"sqs:GetQueueUrl\",\"sqs:GetQueueAttributes\",\"sqs:DeleteMessage\",\"sns:Subscribe\",\"sns:SetSubscriptionAttributes\",\"sns:Publish\",\"sns:ListSubscriptionsByTopic\",\"sns:GetTopicAttributes\",\"sns:GetSubscriptionAttributes\",\"ses:SendRawEmail\",\"ses:SendEmail\",\"s3:PutObjectTagging\",\"s3:PutObject\",\"s3:ListBucket\",\"s3:GetObject\",\"s3:GetBucketTagging\",\"s3:DeleteObject\",\"lambda:ListTags\",\"batch:TerminateJob\",\"batch:SubmitJob\",\"batch:List*\",\"batch:Describe*\",\"batch:CancelJob\"],\"Resource\":\"*\"},{\"Sid\":\"reads3\",\"Effect\":\"Allow\",\"Action\":\"s3:Get*\",\"Resource\":[\"arn:aws:s3:::geonex-odm-dev-codm/*\",\"arn:aws:s3:::geonex-odm-dev-codm\"]}]}",
            "override_json": null,
            "override_policy_documents": null,
            "policy_id": null,
            "source_json": null,
            "source_policy_documents": null,
            "statement": [
              {
                "actions": [
                  "logs:CreateLogGroup",
                  "logs:CreateLogStream",
                  "logs:PutLogEvents"
                ],
                "condition": [],
                "effect": "Allow",
                "not_actions": [],
                "not_principals": [],
                "not_resources": [],
                "principals": [],
                "resources": [
                  "*"
                ],
                "sid": "CreateCloudWatchLogs"
              },
              {
                "actions": [
                  "batch:CancelJob",
                  "batch:Describe*",
                  "batch:List*",
                  "batch:SubmitJob",
                  "batch:TerminateJob",
                  "lambda:ListTags",
                  "s3:DeleteObject",
                  "s3:GetBucketTagging",
                  "s3:GetObject",
                  "s3:ListBucket",
                  "s3:PutObject",
                  "s3:PutObjectTagging",
                  "ses:SendEmail",
                  "ses:SendRawEmail",
                  "sns:GetSubscriptionAttributes",
                  "sns:GetTopicAttributes",
                  "sns:ListSubscriptionsByTopic",
                  "sns:Publish",
                  "sns:SetSubscriptionAttributes",
                  "sns:Subscribe",
                  "sqs:DeleteMessage",
                  "sqs:GetQueueAttributes",
                  "sqs:GetQueueUrl",
                  "sqs:ListQueueTags",
                  "sqs:ListQueues",
                  "sqs:ReceiveMessage",
                  "sqs:SendMessage",
                  "sqs:SendMessageBatch"
                ],
                "condition": [],
                "effect": "Allow",
                "not_actions": [],
                "not_principals": [],
                "not_resources": [],
                "principals": [],
                "resources": [
                  "*"
                ],
                "sid": "DoLambdaStuff"
              },
              {
                "actions": [
                  "s3:Get*"
                ],
                "condition": [],
                "effect": "Allow",
                "not_actions": [],
                "not_principals": [],
                "not_resources": [],
                "principals": [],
                "resources": [
                  "arn:aws:s3:::geonex-odm-dev-codm",
                  "arn:aws:s3:::geonex-odm-dev-codm/*"
                ],
                "sid": "reads3"
              }
            ],
            "version": "2012-10-17"
          },
          "sensitive_attributes": []
        }
      ]
    },
    {
      "module": "module.resources",
      "mode": "data",
      "type": "aws_iam_policy_document",
      "name": "lambda_logging_document",
      "provider": "provider[\"registry.terraform.io/hashicorp/aws\"]",
      "instances": [
        {
          "schema_version": 0,
          "attributes": {
            "id": "1578040523",
            "json": "{\n  \"Version\": \"2012-10-17\",\n  \"Statement\": [\n    {\n      \"Effect\": \"Allow\",\n      \"Action\": [\n        \"logs:PutLogEvents\",\n        \"logs:CreateLogStream\",\n        \"logs:CreateLogGroup\"\n      ],\n      \"Resource\": \"arn:aws:logs:*:*:*\"\n    },\n    {\n      \"Sid\": \"DoLambdaStuff\",\n      \"Effect\": \"Allow\",\n      \"Action\": [\n        \"sqs:SendMessageBatch\",\n        \"sqs:SendMessage\",\n        \"sqs:ReceiveMessage\",\n        \"sqs:ListQueues\",\n        \"sqs:ListQueueTags\",\n        \"sqs:GetQueueUrl\",\n        \"sqs:GetQueueAttributes\",\n        \"sqs:DeleteMessage\",\n        \"sns:Subscribe\",\n        \"sns:SetSubscriptionAttributes\",\n        \"sns:Publish\",\n        \"sns:ListSubscriptionsByTopic\",\n        \"sns:GetTopicAttributes\",\n        \"sns:GetSubscriptionAttributes\",\n        \"ses:SendRawEmail\",\n        \"ses:SendEmail\",\n        \"s3:PutObjectTagging\",\n        \"s3:PutObject\",\n        \"s3:ListBucket\",\n        \"s3:GetObject\",\n        \"s3:GetBucketTagging\",\n        \"s3:DeleteObject\",\n        \"lambda:ListTags\",\n        \"batch:TerminateJob\",\n        \"batch:SubmitJob\",\n        \"batch:List*\",\n        \"batch:Describe*\",\n        \"batch:CancelJob\"\n      ],\n      \"Resource\": \"*\"\n    }\n  ]\n}",
            "minified_json": "{\"Version\":\"2012-10-17\",\"Statement\":[{\"Effect\":\"Allow\",\"Action\":[\"logs:PutLogEvents\",\"logs:CreateLogStream\",\"logs:CreateLogGroup\"],\"Resource\":\"arn:aws:logs:*:*:*\"},{\"Sid\":\"DoLambdaStuff\",\"Effect\":\"Allow\",\"Action\":[\"sqs:SendMessageBatch\",\"sqs:SendMessage\",\"sqs:ReceiveMessage\",\"sqs:ListQueues\",\"sqs:ListQueueTags\",\"sqs:GetQueueUrl\",\"sqs:GetQueueAttributes\",\"sqs:DeleteMessage\",\"sns:Subscribe\",\"sns:SetSubscriptionAttributes\",\"sns:Publish\",\"sns:ListSubscriptionsByTopic\",\"sns:GetTopicAttributes\",\"sns:GetSubscriptionAttributes\",\"ses:SendRawEmail\",\"ses:SendEmail\",\"s3:PutObjectTagging\",\"s3:PutObject\",\"s3:ListBucket\",\"s3:GetObject\",\"s3:GetBucketTagging\",\"s3:DeleteObject\",\"lambda:ListTags\",\"batch:TerminateJob\",\"batch:SubmitJob\",\"batch:List*\",\"batch:Describe*\",\"batch:CancelJob\"],\"Resource\":\"*\"}]}",
            "override_json": null,
            "override_policy_documents": null,
            "policy_id": null,
            "source_json": null,
            "source_policy_documents": null,
            "statement": [
              {
                "actions": [
                  "logs:CreateLogGroup",
                  "logs:CreateLogStream",
                  "logs:PutLogEvents"
                ],
                "condition": [],
                "effect": "Allow",
                "not_actions": [],
                "not_principals": [],
                "not_resources": [],
                "principals": [],
                "resources": [
                  "arn:aws:logs:*:*:*"
                ],
                "sid": ""
              },
              {
                "actions": [
                  "batch:CancelJob",
                  "batch:Describe*",
                  "batch:List*",
                  "batch:SubmitJob",
                  "batch:TerminateJob",
                  "lambda:ListTags",
                  "s3:DeleteObject",
                  "s3:GetBucketTagging",
                  "s3:GetObject",
                  "s3:ListBucket",
                  "s3:PutObject",
                  "s3:PutObjectTagging",
                  "ses:SendEmail",
                  "ses:SendRawEmail",
                  "sns:GetSubscriptionAttributes",
                  "sns:GetTopicAttributes",
                  "sns:ListSubscriptionsByTopic",
                  "sns:Publish",
                  "sns:SetSubscriptionAttributes",
                  "sns:Subscribe",
                  "sqs:DeleteMessage",
                  "sqs:GetQueueAttributes",
                  "sqs:GetQueueUrl",
                  "sqs:ListQueueTags",
                  "sqs:ListQueues",
                  "sqs:ReceiveMessage",
                  "sqs:SendMessage",
                  "sqs:SendMessageBatch"
                ],
                "condition": [],
                "effect": "Allow",
                "not_actions": [],
                "not_principals": [],
                "not_resources": [],
                "principals": [],
                "resources": [
                  "*"
                ],
                "sid": "DoLambdaStuff"
              }
            ],
            "version": "2012-10-17"
          },
          "sensitive_attributes": []
        }
      ]
    },
    {
      "module": "module.resources",
      "mode": "data",
      "type": "aws_iam_policy_document",
      "name": "sns-topic-policy",
      "provider": "provider[\"registry.terraform.io/hashicorp/aws\"]",
      "instances": [
        {
          "schema_version": 0,
          "attributes": {
            "id": "2692301225",
            "json": "{\n  \"Version\": \"2012-10-17\",\n  \"Id\": \"geonex-odm-dev-sns-watcher-policy\",\n  \"Statement\": [\n    {\n      \"Sid\": \"geonex-odm-sns-topic-statement-id\",\n      \"Effect\": \"Allow\",\n      \"Action\": \"SNS:Publish\",\n      \"Resource\": \"arn:aws:sns:us-east-1:058264225399:geonex-odm-dev-notifications\",\n      \"Principal\": {\n        \"AWS\": \"*\"\n      }\n    }\n  ]\n}",
            "minified_json": "{\"Version\":\"2012-10-17\",\"Id\":\"geonex-odm-dev-sns-watcher-policy\",\"Statement\":[{\"Sid\":\"geonex-odm-sns-topic-statement-id\",\"Effect\":\"Allow\",\"Action\":\"SNS:Publish\",\"Resource\":\"arn:aws:sns:us-east-1:058264225399:geonex-odm-dev-notifications\",\"Principal\":{\"AWS\":\"*\"}}]}",
            "override_json": null,
            "override_policy_documents": null,
            "policy_id": "geonex-odm-dev-sns-watcher-policy",
            "source_json": null,
            "source_policy_documents": null,
            "statement": [
              {
                "actions": [
                  "SNS:Publish"
                ],
                "condition": [],
                "effect": "Allow",
                "not_actions": [],
                "not_principals": [],
                "not_resources": [],
                "principals": [
                  {
                    "identifiers": [
                      "*"
                    ],
                    "type": "AWS"
                  }
                ],
                "resources": [
                  "arn:aws:sns:us-east-1:058264225399:geonex-odm-dev-notifications"
                ],
                "sid": "geonex-odm-sns-topic-statement-id"
              }
            ],
            "version": "2012-10-17"
          },
          "sensitive_attributes": []
        }
      ]
    },
    {
      "module": "module.resources",
      "mode": "data",
      "type": "aws_region",
      "name": "current",
      "provider": "provider[\"registry.terraform.io/hashicorp/aws\"]",
      "instances": [
        {
          "schema_version": 0,
          "attributes": {
            "description": "US East (N. Virginia)",
            "endpoint": "ec2.us-east-1.amazonaws.com",
            "id": "us-east-1",
            "name": "us-east-1"
          },
          "sensitive_attributes": []
        }
      ]
    },
    {
      "module": "module.resources",
      "mode": "data",
      "type": "aws_ssm_parameter",
      "name": "ami",
      "provider": "provider[\"registry.terraform.io/hashicorp/aws\"]",
      "instances": [
        {
          "schema_version": 0,
          "attributes": {
            "arn": "arn:aws:ssm:us-east-1::parameter/aws/service/ecs/optimized-ami/amazon-linux-2/gpu/recommended",
            "id": "/aws/service/ecs/optimized-ami/amazon-linux-2/gpu/recommended",
            "insecure_value": "{\"ecs_agent_version\":\"1.85.1\",\"ecs_runtime_version\":\"Docker version 25.0.3\",\"image_id\":\"ami-03bef4b2657a91336\",\"image_name\":\"amzn2-ami-ecs-gpu-hvm-2.0.20240723-x86_64-ebs\",\"image_version\":\"2.0.20240723\",\"os\":\"Amazon Linux 2\",\"schema_version\":1,\"source_image_name\":\"amzn2-ami-minimal-hvm-2.0.20240719.0-x86_64-ebs\"}",
            "name": "/aws/service/ecs/optimized-ami/amazon-linux-2/gpu/recommended",
            "type": "String",
            "value": "{\"ecs_agent_version\":\"1.85.1\",\"ecs_runtime_version\":\"Docker version 25.0.3\",\"image_id\":\"ami-03bef4b2657a91336\",\"image_name\":\"amzn2-ami-ecs-gpu-hvm-2.0.20240723-x86_64-ebs\",\"image_version\":\"2.0.20240723\",\"os\":\"Amazon Linux 2\",\"schema_version\":1,\"source_image_name\":\"amzn2-ami-minimal-hvm-2.0.20240719.0-x86_64-ebs\"}",
            "version": 149,
            "with_decryption": true
          },
          "sensitive_attributes": [
            [
              {
                "type": "get_attr",
                "value": "value"
              }
            ]
          ]
        }
      ]
    },
    {
      "module": "module.resources",
      "mode": "managed",
      "type": "aws_batch_compute_environment",
      "name": "batch-compute-environment",
      "provider": "provider[\"registry.terraform.io/hashicorp/aws\"]",
      "instances": [
        {
          "schema_version": 0,
          "attributes": {
            "arn": "arn:aws:batch:us-east-1:058264225399:compute-environment/geonex-odm-dev-computeenvironment",
            "compute_environment_name": "geonex-odm-dev-computeenvironment",
            "compute_environment_name_prefix": "",
            "compute_resources": [
              {
                "allocation_strategy": "",
                "bid_percentage": 100,
                "desired_vcpus": 0,
                "ec2_configuration": [
                  {
                    "image_id_override": "",
                    "image_type": "ECS_AL2_NVIDIA"
                  }
                ],
                "ec2_key_pair": "webodm",
                "image_id": "ami-03bef4b2657a91336",
                "instance_role": "arn:aws:iam::058264225399:instance-profile/geonex-odm-BatchInstanceProfile",
                "instance_type": [
                  "g5.2xlarge",
                  "g5.4xlarge"
                ],
                "launch_template": [
                  {
                    "launch_template_id": "lt-0f2c0decbfd631a1f",
                    "launch_template_name": "",
                    "version": ""
                  }
                ],
                "max_vcpus": 32,
                "min_vcpus": 0,
                "placement_group": "",
                "security_group_ids": [
                  "sg-0fddaf0df8f9010b6"
                ],
                "spot_iam_fleet_role": "arn:aws:iam::058264225399:role/geonex-odm-BatchSpotFleetRole",
                "subnets": [
                  "subnet-0283acd3668055450",
                  "subnet-07a6e3f8960c13c86",
                  "subnet-08488290d59dc9351",
                  "subnet-08f03b5ff4b637649",
                  "subnet-0a91dc68987c391cb",
                  "subnet-0af862dc61e1aa13f"
                ],
                "tags": null,
                "type": "SPOT"
              }
            ],
            "ecs_cluster_arn": "arn:aws:ecs:us-east-1:058264225399:cluster/geonex-odm-dev-computeenvironment_Batch_dc97f651-360f-3dcb-b892-0af0f43c0221",
            "eks_configuration": [],
            "id": "geonex-odm-dev-computeenvironment",
            "service_role": "arn:aws:iam::058264225399:role/geonex-odm-BatchServiceRole",
            "state": "ENABLED",
            "status": "VALID",
            "status_reason": "ComputeEnvironment Healthy",
            "tags": null,
            "tags_all": {},
            "type": "MANAGED",
            "update_policy": []
          },
          "sensitive_attributes": [
            [
              {
                "type": "get_attr",
                "value": "compute_resources"
              },
              {
                "type": "index",
                "value": {
                  "value": 0,
                  "type": "number"
                }
              },
              {
                "type": "get_attr",
                "value": "image_id"
              }
            ]
          ],
          "private": "bnVsbA==",
          "dependencies": [
            "module.resources.aws_iam_instance_profile.batch-instance-profile",
            "module.resources.aws_iam_policy.batch-service-policy",
            "module.resources.aws_iam_role.batch-instance-profile-role",
            "module.resources.aws_iam_role.batch-service-role",
            "module.resources.aws_iam_role.batch-spot-fleet-role",
            "module.resources.aws_iam_role_policy_attachment.service-attach-1",
            "module.resources.aws_launch_template.launch_template",
            "module.resources.aws_security_group.worker-security-group",
            "module.resources.aws_subnet.worker-subnets",
            "module.resources.aws_vpc.engine-vpc",
            "module.resources.data.aws_availability_zone.available",
            "module.resources.data.aws_availability_zones.available",
            "module.resources.data.aws_ssm_parameter.ami"
          ],
          "create_before_destroy": true
        }
      ]
    },
    {
      "module": "module.resources",
      "mode": "managed",
      "type": "aws_batch_job_queue",
      "name": "batch-job-queue",
      "provider": "provider[\"registry.terraform.io/hashicorp/aws\"]",
      "instances": [
        {
          "schema_version": 1,
          "attributes": {
            "arn": "arn:aws:batch:us-east-1:058264225399:job-queue/geonex-odm-dev-jobqueue",
            "compute_environment_order": [],
            "compute_environments": [
              "arn:aws:batch:us-east-1:058264225399:compute-environment/geonex-odm-dev-computeenvironment"
            ],
            "id": "arn:aws:batch:us-east-1:058264225399:job-queue/geonex-odm-dev-jobqueue",
            "name": "geonex-odm-dev-jobqueue",
            "priority": 1,
            "scheduling_policy_arn": null,
            "state": "ENABLED",
            "tags": {
              "Name": "geonex-odm:sqs.dev.jobqueue",
              "STAGE": "dev",
              "name": "geonex-odm"
            },
            "tags_all": {
              "Name": "geonex-odm:sqs.dev.jobqueue",
              "STAGE": "dev",
              "name": "geonex-odm"
            },
            "timeouts": null
          },
          "sensitive_attributes": [],
          "dependencies": [
            "module.resources.aws_batch_compute_environment.batch-compute-environment",
            "module.resources.aws_iam_instance_profile.batch-instance-profile",
            "module.resources.aws_iam_policy.batch-service-policy",
            "module.resources.aws_iam_role.batch-instance-profile-role",
            "module.resources.aws_iam_role.batch-service-role",
            "module.resources.aws_iam_role.batch-spot-fleet-role",
            "module.resources.aws_iam_role_policy_attachment.service-attach-1",
            "module.resources.aws_launch_template.launch_template",
            "module.resources.aws_security_group.worker-security-group",
            "module.resources.aws_subnet.worker-subnets",
            "module.resources.aws_vpc.engine-vpc",
            "module.resources.data.aws_availability_zone.available",
            "module.resources.data.aws_availability_zones.available",
            "module.resources.data.aws_ssm_parameter.ami"
          ]
        }
      ]
    },
    {
      "module": "module.resources",
      "mode": "managed",
      "type": "aws_cloudwatch_event_rule",
      "name": "batch-watch",
      "provider": "provider[\"registry.terraform.io/hashicorp/aws\"]",
      "instances": [
        {
          "schema_version": 1,
          "attributes": {
            "arn": "arn:aws:events:us-east-1:058264225399:rule/geonex-odm-batch-event-watcher",
            "description": "Watch for changes in given AWS Batch Queue",
            "event_bus_name": "default",
            "event_pattern": "{\"detail\":{\"parameters\":{\"bucketname\":[\"geonex-odm-dev-codm\"]},\"status\":[\"FAILED\",\"STARTING\",\"SUBMITTED\",\"SUCCEEDED\"]},\"detail-type\":[\"Batch Job State Change\"],\"source\":[\"aws.batch\"]}",
            "force_destroy": false,
            "id": "geonex-odm-batch-event-watcher",
            "is_enabled": true,
            "name": "geonex-odm-batch-event-watcher",
            "name_prefix": "",
            "role_arn": "",
            "schedule_expression": "",
            "state": "ENABLED",
            "tags": null,
            "tags_all": {}
          },
          "sensitive_attributes": [],
          "private": "eyJzY2hlbWFfdmVyc2lvbiI6IjEifQ=="
        }
      ]
    },
    {
      "module": "module.resources",
      "mode": "managed",
      "type": "aws_cloudwatch_log_group",
      "name": "batch_logs",
      "provider": "provider[\"registry.terraform.io/hashicorp/aws\"]",
      "instances": [
        {
          "schema_version": 0,
          "attributes": {
            "arn": "arn:aws:logs:us-east-1:058264225399:log-group:geonex-odm-dev-codm-batch",
            "id": "geonex-odm-dev-codm-batch",
            "kms_key_id": "",
            "log_group_class": "STANDARD",
            "name": "geonex-odm-dev-codm-batch",
            "name_prefix": "",
            "retention_in_days": 30,
            "skip_destroy": false,
            "tags": null,
            "tags_all": {}
          },
          "sensitive_attributes": [],
          "private": "bnVsbA=="
        }
      ]
    },
    {
      "module": "module.resources",
      "mode": "managed",
      "type": "aws_cloudwatch_log_group",
      "name": "notify_lambda_log",
      "provider": "provider[\"registry.terraform.io/hashicorp/aws\"]",
      "instances": [
        {
          "schema_version": 0,
          "attributes": {
            "arn": "arn:aws:logs:us-east-1:058264225399:log-group:/aws/lambda/geonex-odm-dev-notify",
            "id": "/aws/lambda/geonex-odm-dev-notify",
            "kms_key_id": "",
            "log_group_class": "STANDARD",
            "name": "/aws/lambda/geonex-odm-dev-notify",
            "name_prefix": "",
            "retention_in_days": 14,
            "skip_destroy": false,
            "tags": null,
            "tags_all": {}
          },
          "sensitive_attributes": [],
          "private": "bnVsbA=="
        }
      ]
    },
    {
      "module": "module.resources",
      "mode": "managed",
      "type": "aws_ecr_repository",
      "name": "repo",
      "provider": "provider[\"registry.terraform.io/hashicorp/aws\"]",
      "instances": [
        {
          "schema_version": 0,
          "attributes": {
            "arn": "arn:aws:ecr:us-east-1:058264225399:repository/geonex-odm-dev-codm",
            "encryption_configuration": [
              {
                "encryption_type": "AES256",
                "kms_key": ""
              }
            ],
            "force_delete": true,
            "id": "geonex-odm-dev-codm",
            "image_scanning_configuration": [
              {
                "scan_on_push": false
              }
            ],
            "image_tag_mutability": "MUTABLE",
            "name": "geonex-odm-dev-codm",
            "registry_id": "058264225399",
            "repository_url": "058264225399.dkr.ecr.us-east-1.amazonaws.com/geonex-odm-dev-codm",
            "tags": null,
            "tags_all": {},
            "timeouts": null
          },
          "sensitive_attributes": [],
          "private": "eyJlMmJmYjczMC1lY2FhLTExZTYtOGY4OC0zNDM2M2JjN2M0YzAiOnsiZGVsZXRlIjoxMjAwMDAwMDAwMDAwfX0="
        }
      ]
    },
    {
      "module": "module.resources",
      "mode": "managed",
      "type": "aws_iam_instance_profile",
      "name": "batch-instance-profile",
      "provider": "provider[\"registry.terraform.io/hashicorp/aws\"]",
      "instances": [
        {
          "schema_version": 0,
          "attributes": {
            "arn": "arn:aws:iam::058264225399:instance-profile/geonex-odm-BatchInstanceProfile",
            "create_date": "2024-07-26T06:28:34Z",
            "id": "geonex-odm-BatchInstanceProfile",
            "name": "geonex-odm-BatchInstanceProfile",
            "name_prefix": "",
            "path": "/",
            "role": "geonex-odm-BatchInstanceProfileRole",
            "tags": null,
            "tags_all": {},
            "unique_id": "AIPAQ3EGRQZ3W72CC34W3"
          },
          "sensitive_attributes": [],
          "private": "bnVsbA==",
          "dependencies": [
            "module.resources.aws_iam_role.batch-instance-profile-role"
          ],
          "create_before_destroy": true
        }
      ]
    },
    {
      "module": "module.resources",
      "mode": "managed",
      "type": "aws_iam_policy",
      "name": "batch-service-policy",
      "provider": "provider[\"registry.terraform.io/hashicorp/aws\"]",
      "instances": [
        {
          "schema_version": 0,
          "attributes": {
            "arn": "arn:aws:iam::058264225399:policy/geonex-odm-LandrushBatchServicePolicy",
            "attachment_count": 0,
            "description": "",
            "id": "arn:aws:iam::058264225399:policy/geonex-odm-LandrushBatchServicePolicy",
            "name": "geonex-odm-LandrushBatchServicePolicy",
            "name_prefix": "",
            "path": "/",
            "policy": "{\"Statement\":[{\"Action\":[\"ec2:DescribeAccountAttributes\",\"ec2:DescribeInstances\",\"ec2:DescribeInstanceAttribute\",\"ec2:DescribeSubnets\",\"ec2:DescribeSecurityGroups\",\"ec2:DescribeKeyPairs\",\"ec2:DescribeImages\",\"ec2:DescribeImageAttribute\",\"ec2:DescribeSpotInstanceRequests\",\"ec2:DescribeSpotFleetInstances\",\"ec2:DescribeSpotFleetRequests\",\"ec2:DescribeSpotPriceHistory\",\"ec2:DescribeVpcClassicLink\",\"ec2:DescribeLaunchTemplateVersions\",\"ec2:CreateLaunchTemplate\",\"ec2:DeleteLaunchTemplate\",\"ec2:RequestSpotFleet\",\"ec2:CancelSpotFleetRequests\",\"ec2:ModifySpotFleetRequest\",\"ec2:TerminateInstances\",\"ec2:RunInstances\",\"autoscaling:DescribeAccountLimits\",\"autoscaling:DescribeAutoScalingGroups\",\"autoscaling:DescribeLaunchConfigurations\",\"autoscaling:DescribeAutoScalingInstances\",\"autoscaling:CreateLaunchConfiguration\",\"autoscaling:CreateAutoScalingGroup\",\"autoscaling:UpdateAutoScalingGroup\",\"autoscaling:SetDesiredCapacity\",\"autoscaling:DeleteLaunchConfiguration\",\"autoscaling:DeleteAutoScalingGroup\",\"autoscaling:CreateOrUpdateTags\",\"autoscaling:SuspendProcesses\",\"autoscaling:PutNotificationConfiguration\",\"autoscaling:TerminateInstanceInAutoScalingGroup\",\"ecs:DescribeClusters\",\"ecs:DescribeContainerInstances\",\"ecs:DescribeTaskDefinition\",\"ecs:DescribeTasks\",\"ecs:ListClusters\",\"ecs:ListContainerInstances\",\"ecs:ListTaskDefinitionFamilies\",\"ecs:ListTaskDefinitions\",\"ecs:ListTasks\",\"ecs:CreateCluster\",\"ecs:DeleteCluster\",\"ecs:RegisterTaskDefinition\",\"ecs:DeregisterTaskDefinition\",\"ecs:RunTask\",\"ecs:StartTask\",\"ecs:StopTask\",\"ecs:UpdateContainerAgent\",\"ecs:DeregisterContainerInstance\",\"logs:CreateLogGroup\",\"logs:CreateLogStream\",\"logs:PutLogEvents\",\"logs:DescribeLogGroups\",\"iam:GetInstanceProfile\",\"iam:GetRole\"],\"Effect\":\"Allow\",\"Resource\":[\"*\"]},{\"Action\":\"iam:PassRole\",\"Condition\":{\"StringEquals\":{\"iam:PassedToService\":[\"ec2.amazonaws.com\",\"ecs-tasks.amazonaws.com\"]}},\"Effect\":\"Allow\",\"Resource\":[\"*\"]},{\"Action\":\"iam:CreateServiceLinkedRole\",\"Condition\":{\"StringEquals\":{\"iam:AWSServiceName\":[\"spot.amazonaws.com\",\"spotfleet.amazonaws.com\",\"autoscaling.amazonaws.com\",\"ecs.amazonaws.com\"]}},\"Effect\":\"Allow\",\"Resource\":[\"*\"]},{\"Action\":[\"ec2:CreateTags\"],\"Condition\":{\"StringEquals\":{\"ec2:CreateAction\":\"RunInstances\"}},\"Effect\":\"Allow\",\"Resource\":[\"*\"]}],\"Version\":\"2012-10-17\"}",
            "policy_id": "ANPAQ3EGRQZ32GULURS67",
            "tags": null,
            "tags_all": {}
          },
          "sensitive_attributes": [],
          "private": "bnVsbA==",
          "create_before_destroy": true
        }
      ]
    },
    {
      "module": "module.resources",
      "mode": "managed",
      "type": "aws_iam_policy",
      "name": "batch-spot-fleet-policy",
      "provider": "provider[\"registry.terraform.io/hashicorp/aws\"]",
      "instances": [
        {
          "schema_version": 0,
          "attributes": {
            "arn": "arn:aws:iam::058264225399:policy/geonex-odm-LandrushBatchSpotFleetPolicy",
            "attachment_count": 0,
            "description": "",
            "id": "arn:aws:iam::058264225399:policy/geonex-odm-LandrushBatchSpotFleetPolicy",
            "name": "geonex-odm-LandrushBatchSpotFleetPolicy",
            "name_prefix": "",
            "path": "/",
            "policy": "{\"Statement\":[{\"Action\":[\"ec2:DescribeImages\",\"ec2:DescribeSubnets\",\"ec2:RequestSpotInstances\",\"ec2:TerminateInstances\",\"ec2:DescribeInstanceStatus\",\"ec2:CreateTags\",\"ec2:RunInstances\"],\"Effect\":\"Allow\",\"Resource\":[\"*\"]},{\"Action\":\"iam:PassRole\",\"Condition\":{\"StringEquals\":{\"iam:PassedToService\":[\"ec2.amazonaws.com\",\"ec2.amazonaws.com.cn\"]}},\"Effect\":\"Allow\",\"Resource\":[\"*\"]},{\"Action\":[\"elasticloadbalancing:RegisterInstancesWithLoadBalancer\"],\"Effect\":\"Allow\",\"Resource\":[\"arn:aws:elasticloadbalancing:*:*:loadbalancer/*\"]},{\"Action\":[\"elasticloadbalancing:RegisterTargets\"],\"Effect\":\"Allow\",\"Resource\":[\"arn:aws:elasticloadbalancing:*:*:*/*\"]}],\"Version\":\"2012-10-17\"}",
            "policy_id": "ANPAQ3EGRQZ3TXNBZRWPC",
            "tags": null,
            "tags_all": {}
          },
          "sensitive_attributes": [],
          "private": "bnVsbA=="
        }
      ]
    },
    {
      "module": "module.resources",
      "mode": "managed",
      "type": "aws_iam_policy",
      "name": "ecs-full-access",
      "provider": "provider[\"registry.terraform.io/hashicorp/aws\"]",
      "instances": [
        {
          "schema_version": 0,
          "attributes": {
            "arn": "arn:aws:iam::058264225399:policy/geonex-odm-EcsFullAccess",
            "attachment_count": 0,
            "description": "",
            "id": "arn:aws:iam::058264225399:policy/geonex-odm-EcsFullAccess",
            "name": "geonex-odm-EcsFullAccess",
            "name_prefix": "",
            "path": "/",
            "policy": "{\"Statement\":[{\"Action\":[\"ec2:DescribeAccountAttributes\",\"ec2:DescribeInstances\",\"ec2:DescribeInstanceStatus\",\"ec2:DescribeInstanceAttribute\",\"ec2:DescribeSubnets\",\"ec2:DescribeSecurityGroups\",\"ec2:DescribeKeyPairs\",\"ec2:DescribeImages\",\"ec2:DescribeImageAttribute\",\"ec2:DescribeSpotInstanceRequests\",\"ec2:DescribeSpotFleetInstances\",\"ec2:DescribeSpotFleetRequests\",\"ec2:DescribeSpotPriceHistory\",\"ec2:DescribeVpcClassicLink\",\"ec2:DescribeLaunchTemplateVersions\",\"ec2:RequestSpotFleet\",\"autoscaling:DescribeAccountLimits\",\"autoscaling:DescribeAutoScalingGroups\",\"autoscaling:DescribeLaunchConfigurations\",\"autoscaling:DescribeAutoScalingInstances\",\"eks:DescribeCluster\",\"ecs:DescribeClusters\",\"ecs:DescribeContainerInstances\",\"ecs:DescribeTaskDefinition\",\"ecs:DescribeTasks\",\"ecs:ListClusters\",\"ecs:ListContainerInstances\",\"ecs:ListTaskDefinitionFamilies\",\"ecs:ListTaskDefinitions\",\"ecs:ListTasks\",\"ecs:DeregisterTaskDefinition\",\"ecs:TagResource\",\"ecs:ListAccountSettings\",\"logs:DescribeLogGroups\",\"iam:GetInstanceProfile\",\"iam:GetRole\"],\"Effect\":\"Allow\",\"Resource\":\"*\"},{\"Action\":[\"logs:CreateLogGroup\",\"logs:CreateLogStream\"],\"Effect\":\"Allow\",\"Resource\":\"arn:aws:logs:*:*:log-group:/aws/batch/job*\"},{\"Action\":[\"logs:PutLogEvents\"],\"Effect\":\"Allow\",\"Resource\":\"arn:aws:logs:*:*:log-group:/aws/batch/job*:log-stream:*\"},{\"Action\":[\"autoscaling:CreateOrUpdateTags\"],\"Condition\":{\"Null\":{\"aws:RequestTag/AWSBatchServiceTag\":\"false\"}},\"Effect\":\"Allow\",\"Resource\":\"*\"},{\"Action\":\"iam:PassRole\",\"Condition\":{\"StringEquals\":{\"iam:PassedToService\":[\"ec2.amazonaws.com\",\"ec2.amazonaws.com.cn\",\"ecs-tasks.amazonaws.com\"]}},\"Effect\":\"Allow\",\"Resource\":[\"*\"]},{\"Action\":\"iam:CreateServiceLinkedRole\",\"Condition\":{\"StringEquals\":{\"iam:AWSServiceName\":[\"spot.amazonaws.com\",\"spotfleet.amazonaws.com\",\"autoscaling.amazonaws.com\",\"ecs.amazonaws.com\"]}},\"Effect\":\"Allow\",\"Resource\":\"*\"},{\"Action\":[\"ec2:CreateLaunchTemplate\"],\"Condition\":{\"Null\":{\"aws:RequestTag/AWSBatchServiceTag\":\"false\"}},\"Effect\":\"Allow\",\"Resource\":\"*\"},{\"Action\":[\"ec2:TerminateInstances\",\"ec2:CancelSpotFleetRequests\",\"ec2:ModifySpotFleetRequest\",\"ec2:DeleteLaunchTemplate\"],\"Condition\":{\"Null\":{\"aws:ResourceTag/AWSBatchServiceTag\":\"false\"}},\"Effect\":\"Allow\",\"Resource\":\"*\"},{\"Action\":[\"autoscaling:CreateLaunchConfiguration\",\"autoscaling:DeleteLaunchConfiguration\"],\"Effect\":\"Allow\",\"Resource\":\"arn:aws:autoscaling:*:*:launchConfiguration:*:launchConfigurationName/AWSBatch*\"},{\"Action\":[\"autoscaling:CreateAutoScalingGroup\",\"autoscaling:UpdateAutoScalingGroup\",\"autoscaling:SetDesiredCapacity\",\"autoscaling:DeleteAutoScalingGroup\",\"autoscaling:SuspendProcesses\",\"autoscaling:PutNotificationConfiguration\",\"autoscaling:TerminateInstanceInAutoScalingGroup\"],\"Effect\":\"Allow\",\"Resource\":\"arn:aws:autoscaling:*:*:autoScalingGroup:*:autoScalingGroupName/AWSBatch*\"},{\"Action\":[\"ecs:DeleteCluster\",\"ecs:DeregisterContainerInstance\",\"ecs:RunTask\",\"ecs:StartTask\",\"ecs:StopTask\"],\"Effect\":\"Allow\",\"Resource\":\"arn:aws:ecs:*:*:cluster/AWSBatch*\"},{\"Action\":[\"ecs:RunTask\",\"ecs:StartTask\",\"ecs:StopTask\"],\"Effect\":\"Allow\",\"Resource\":\"arn:aws:ecs:*:*:task-definition/*\"},{\"Action\":[\"ecs:StopTask\"],\"Effect\":\"Allow\",\"Resource\":\"arn:aws:ecs:*:*:task/*/*\"},{\"Action\":[\"ecs:CreateCluster\",\"ecs:RegisterTaskDefinition\"],\"Condition\":{\"Null\":{\"aws:RequestTag/AWSBatchServiceTag\":\"false\"}},\"Effect\":\"Allow\",\"Resource\":\"*\"},{\"Action\":\"ec2:RunInstances\",\"Effect\":\"Allow\",\"Resource\":[\"arn:aws:ec2:*::image/*\",\"arn:aws:ec2:*::snapshot/*\",\"arn:aws:ec2:*:*:subnet/*\",\"arn:aws:ec2:*:*:network-interface/*\",\"arn:aws:ec2:*:*:security-group/*\",\"arn:aws:ec2:*:*:volume/*\",\"arn:aws:ec2:*:*:key-pair/*\",\"arn:aws:ec2:*:*:launch-template/*\",\"arn:aws:ec2:*:*:placement-group/*\",\"arn:aws:ec2:*:*:capacity-reservation/*\",\"arn:aws:ec2:*:*:elastic-gpu/*\",\"arn:aws:elastic-inference:*:*:elastic-inference-accelerator/*\",\"arn:aws:resource-groups:*:*:group/*\"]},{\"Action\":\"ec2:RunInstances\",\"Condition\":{\"Null\":{\"aws:RequestTag/AWSBatchServiceTag\":\"false\"}},\"Effect\":\"Allow\",\"Resource\":\"arn:aws:ec2:*:*:instance/*\"},{\"Action\":[\"ec2:CreateTags\"],\"Condition\":{\"StringEquals\":{\"ec2:CreateAction\":[\"RunInstances\",\"CreateLaunchTemplate\",\"RequestSpotFleet\"]}},\"Effect\":\"Allow\",\"Resource\":[\"*\"]}],\"Version\":\"2012-10-17\"}",
            "policy_id": "ANPAQ3EGRQZ34Z2NFNR6T",
            "tags": null,
            "tags_all": {}
          },
          "sensitive_attributes": [],
          "private": "bnVsbA=="
        }
      ]
    },
    {
      "module": "module.resources",
      "mode": "managed",
      "type": "aws_iam_policy",
      "name": "ecs-task-execution",
      "provider": "provider[\"registry.terraform.io/hashicorp/aws\"]",
      "instances": [
        {
          "schema_version": 0,
          "attributes": {
            "arn": "arn:aws:iam::058264225399:policy/geonex-odm-EcsTaskExecutionPolicy",
            "attachment_count": 0,
            "description": "",
            "id": "arn:aws:iam::058264225399:policy/geonex-odm-EcsTaskExecutionPolicy",
            "name": "geonex-odm-EcsTaskExecutionPolicy",
            "name_prefix": "",
            "path": "/",
            "policy": "{\"Statement\":[{\"Action\":[\"ecr:GetAuthorizationToken\",\"ecr:BatchCheckLayerAvailability\",\"ecr:GetDownloadUrlForLayer\",\"ecr:BatchGetImage\",\"logs:CreateLogStream\",\"logs:PutLogEvents\"],\"Effect\":\"Allow\",\"Resource\":[\"*\"]}],\"Version\":\"2012-10-17\"}",
            "policy_id": "ANPAQ3EGRQZ3V6IV2ZQ5X",
            "tags": null,
            "tags_all": {}
          },
          "sensitive_attributes": [],
          "private": "bnVsbA=="
        }
      ]
    },
    {
      "module": "module.resources",
      "mode": "managed",
      "type": "aws_iam_policy",
      "name": "iam_for_lambda",
      "provider": "provider[\"registry.terraform.io/hashicorp/aws\"]",
      "instances": [
        {
          "schema_version": 0,
          "attributes": {
            "arn": "arn:aws:iam::058264225399:policy/geonex-odm-lambda-policy",
            "attachment_count": 0,
            "description": "",
            "id": "arn:aws:iam::058264225399:policy/geonex-odm-lambda-policy",
            "name": "geonex-odm-lambda-policy",
            "name_prefix": "",
            "path": "/",
            "policy": "{\"Statement\":[{\"Action\":[\"logs:PutLogEvents\",\"logs:CreateLogStream\",\"logs:CreateLogGroup\"],\"Effect\":\"Allow\",\"Resource\":\"*\",\"Sid\":\"CreateCloudWatchLogs\"},{\"Action\":[\"sqs:SendMessageBatch\",\"sqs:SendMessage\",\"sqs:ReceiveMessage\",\"sqs:ListQueues\",\"sqs:ListQueueTags\",\"sqs:GetQueueUrl\",\"sqs:GetQueueAttributes\",\"sqs:DeleteMessage\",\"sns:Subscribe\",\"sns:SetSubscriptionAttributes\",\"sns:Publish\",\"sns:ListSubscriptionsByTopic\",\"sns:GetTopicAttributes\",\"sns:GetSubscriptionAttributes\",\"ses:SendRawEmail\",\"ses:SendEmail\",\"s3:PutObjectTagging\",\"s3:PutObject\",\"s3:ListBucket\",\"s3:GetObject\",\"s3:GetBucketTagging\",\"s3:DeleteObject\",\"lambda:ListTags\",\"batch:TerminateJob\",\"batch:SubmitJob\",\"batch:List*\",\"batch:Describe*\",\"batch:CancelJob\"],\"Effect\":\"Allow\",\"Resource\":\"*\",\"Sid\":\"DoLambdaStuff\"},{\"Action\":\"s3:Get*\",\"Effect\":\"Allow\",\"Resource\":[\"arn:aws:s3:::geonex-odm-dev-codm/*\",\"arn:aws:s3:::geonex-odm-dev-codm\"],\"Sid\":\"reads3\"}],\"Version\":\"2012-10-17\"}",
            "policy_id": "ANPAQ3EGRQZ3YOOIVP7XO",
            "tags": null,
            "tags_all": {}
          },
          "sensitive_attributes": [],
          "private": "bnVsbA==",
          "dependencies": [
            "module.resources.data.aws_iam_policy_document.iam_for_lambda_policy_document"
          ]
        }
      ]
    },
    {
      "module": "module.resources",
      "mode": "managed",
      "type": "aws_iam_policy",
      "name": "lambda_logging_policy",
      "provider": "provider[\"registry.terraform.io/hashicorp/aws\"]",
      "instances": [
        {
          "schema_version": 0,
          "attributes": {
            "arn": "arn:aws:iam::058264225399:policy/lambda_logging",
            "attachment_count": 0,
            "description": "IAM policy for logging from a lambda",
            "id": "arn:aws:iam::058264225399:policy/lambda_logging",
            "name": "lambda_logging",
            "name_prefix": "",
            "path": "/",
            "policy": "{\"Statement\":[{\"Action\":[\"logs:PutLogEvents\",\"logs:CreateLogStream\",\"logs:CreateLogGroup\"],\"Effect\":\"Allow\",\"Resource\":\"arn:aws:logs:*:*:*\"},{\"Action\":[\"sqs:SendMessageBatch\",\"sqs:SendMessage\",\"sqs:ReceiveMessage\",\"sqs:ListQueues\",\"sqs:ListQueueTags\",\"sqs:GetQueueUrl\",\"sqs:GetQueueAttributes\",\"sqs:DeleteMessage\",\"sns:Subscribe\",\"sns:SetSubscriptionAttributes\",\"sns:Publish\",\"sns:ListSubscriptionsByTopic\",\"sns:GetTopicAttributes\",\"sns:GetSubscriptionAttributes\",\"ses:SendRawEmail\",\"ses:SendEmail\",\"s3:PutObjectTagging\",\"s3:PutObject\",\"s3:ListBucket\",\"s3:GetObject\",\"s3:GetBucketTagging\",\"s3:DeleteObject\",\"lambda:ListTags\",\"batch:TerminateJob\",\"batch:SubmitJob\",\"batch:List*\",\"batch:Describe*\",\"batch:CancelJob\"],\"Effect\":\"Allow\",\"Resource\":\"*\",\"Sid\":\"DoLambdaStuff\"}],\"Version\":\"2012-10-17\"}",
            "policy_id": "ANPAQ3EGRQZ3R3EJUH4E5",
            "tags": null,
            "tags_all": {}
          },
          "sensitive_attributes": [],
          "private": "bnVsbA==",
          "dependencies": [
            "module.resources.data.aws_iam_policy_document.lambda_logging_document"
          ]
        }
      ]
    },
    {
      "module": "module.resources",
      "mode": "managed",
      "type": "aws_iam_policy",
      "name": "sqs-full-access",
      "provider": "provider[\"registry.terraform.io/hashicorp/aws\"]",
      "instances": [
        {
          "schema_version": 0,
          "attributes": {
            "arn": "arn:aws:iam::058264225399:policy/geonex-odm-SqsFullAccess",
            "attachment_count": 0,
            "description": "",
            "id": "arn:aws:iam::058264225399:policy/geonex-odm-SqsFullAccess",
            "name": "geonex-odm-SqsFullAccess",
            "name_prefix": "",
            "path": "/",
            "policy": "{\"Statement\":[{\"Action\":[\"sqs:*\"],\"Effect\":\"Allow\",\"Resource\":[\"*\"]}],\"Version\":\"2012-10-17\"}",
            "policy_id": "ANPAQ3EGRQZ3UALFFX63W",
            "tags": null,
            "tags_all": {}
          },
          "sensitive_attributes": [],
          "private": "bnVsbA=="
        }
      ]
    },
    {
      "module": "module.resources",
      "mode": "managed",
      "type": "aws_iam_role",
      "name": "batch-instance-profile-role",
      "provider": "provider[\"registry.terraform.io/hashicorp/aws\"]",
      "instances": [
        {
          "schema_version": 0,
          "attributes": {
            "arn": "arn:aws:iam::058264225399:role/geonex-odm-BatchInstanceProfileRole",
            "assume_role_policy": "{\"Statement\":[{\"Action\":\"sts:AssumeRole\",\"Effect\":\"Allow\",\"Principal\":{\"Service\":\"ec2.amazonaws.com\"}},{\"Action\":\"sts:AssumeRole\",\"Effect\":\"Allow\",\"Principal\":{\"Service\":\"batchoperations.s3.amazonaws.com\"}}],\"Version\":\"2012-10-17\"}",
            "create_date": "2024-07-26T06:28:33Z",
            "description": "",
            "force_detach_policies": false,
            "id": "geonex-odm-BatchInstanceProfileRole",
            "inline_policy": [],
            "managed_policy_arns": [],
            "max_session_duration": 3600,
            "name": "geonex-odm-BatchInstanceProfileRole",
            "name_prefix": "",
            "path": "/",
            "permissions_boundary": "",
            "tags": null,
            "tags_all": {},
            "unique_id": "AROAQ3EGRQZ3ZEB5E66IZ"
          },
          "sensitive_attributes": [],
          "private": "bnVsbA==",
          "create_before_destroy": true
        }
      ]
    },
    {
      "module": "module.resources",
      "mode": "managed",
      "type": "aws_iam_role",
      "name": "batch-job-role",
      "provider": "provider[\"registry.terraform.io/hashicorp/aws\"]",
      "instances": [
        {
          "schema_version": 0,
          "attributes": {
            "arn": "arn:aws:iam::058264225399:role/geonex-odm-BatchJobRole",
            "assume_role_policy": "{\"Statement\":[{\"Action\":\"sts:AssumeRole\",\"Effect\":\"Allow\",\"Principal\":{\"Service\":\"ecs-tasks.amazonaws.com\"},\"Sid\":\"\"}],\"Version\":\"2012-10-17\"}",
            "create_date": "2024-07-26T06:28:33Z",
            "description": "",
            "force_detach_policies": false,
            "id": "geonex-odm-BatchJobRole",
            "inline_policy": [],
            "managed_policy_arns": [],
            "max_session_duration": 3600,
            "name": "geonex-odm-BatchJobRole",
            "name_prefix": "",
            "path": "/",
            "permissions_boundary": "",
            "tags": null,
            "tags_all": {},
            "unique_id": "AROAQ3EGRQZ3UGJZH3GOH"
          },
          "sensitive_attributes": [],
          "private": "bnVsbA=="
        }
      ]
    },
    {
      "module": "module.resources",
      "mode": "managed",
      "type": "aws_iam_role",
      "name": "batch-service-role",
      "provider": "provider[\"registry.terraform.io/hashicorp/aws\"]",
      "instances": [
        {
          "schema_version": 0,
          "attributes": {
            "arn": "arn:aws:iam::058264225399:role/geonex-odm-BatchServiceRole",
            "assume_role_policy": "{\"Statement\":[{\"Action\":\"sts:AssumeRole\",\"Effect\":\"Allow\",\"Principal\":{\"Service\":\"batch.amazonaws.com\"}}],\"Version\":\"2012-10-17\"}",
            "create_date": "2024-07-26T06:28:33Z",
            "description": "",
            "force_detach_policies": false,
            "id": "geonex-odm-BatchServiceRole",
            "inline_policy": [],
            "managed_policy_arns": [],
            "max_session_duration": 3600,
            "name": "geonex-odm-BatchServiceRole",
            "name_prefix": "",
            "path": "/",
            "permissions_boundary": "",
            "tags": null,
            "tags_all": {},
            "unique_id": "AROAQ3EGRQZ3XTQXVBQPQ"
          },
          "sensitive_attributes": [],
          "private": "bnVsbA==",
          "create_before_destroy": true
        }
      ]
    },
    {
      "module": "module.resources",
      "mode": "managed",
      "type": "aws_iam_role",
      "name": "batch-spot-fleet-role",
      "provider": "provider[\"registry.terraform.io/hashicorp/aws\"]",
      "instances": [
        {
          "schema_version": 0,
          "attributes": {
            "arn": "arn:aws:iam::058264225399:role/geonex-odm-BatchSpotFleetRole",
            "assume_role_policy": "{\"Statement\":[{\"Action\":\"sts:AssumeRole\",\"Effect\":\"Allow\",\"Principal\":{\"Service\":\"spotfleet.amazonaws.com\"}},{\"Action\":\"sts:AssumeRole\",\"Effect\":\"Allow\",\"Principal\":{\"Service\":\"ec2.amazonaws.com\"}}],\"Version\":\"2012-10-17\"}",
            "create_date": "2024-07-26T06:28:32Z",
            "description": "",
            "force_detach_policies": false,
            "id": "geonex-odm-BatchSpotFleetRole",
            "inline_policy": [],
            "managed_policy_arns": [],
            "max_session_duration": 3600,
            "name": "geonex-odm-BatchSpotFleetRole",
            "name_prefix": "",
            "path": "/",
            "permissions_boundary": "",
            "tags": null,
            "tags_all": {},
            "unique_id": "AROAQ3EGRQZ3YGXNKV5PC"
          },
          "sensitive_attributes": [],
          "private": "bnVsbA==",
          "create_before_destroy": true
        }
      ]
    },
    {
      "module": "module.resources",
      "mode": "managed",
      "type": "aws_iam_role",
      "name": "lambda-service-role",
      "provider": "provider[\"registry.terraform.io/hashicorp/aws\"]",
      "instances": [
        {
          "schema_version": 0,
          "attributes": {
            "arn": "arn:aws:iam::058264225399:role/geonex-odm-dev-LambdaServiceRole",
            "assume_role_policy": "{\"Statement\":[{\"Action\":\"sts:AssumeRole\",\"Effect\":\"Allow\",\"Principal\":{\"Service\":\"lambda.amazonaws.com\"}}],\"Version\":\"2012-10-17\"}",
            "create_date": "2024-07-26T06:28:33Z",
            "description": "",
            "force_detach_policies": false,
            "id": "geonex-odm-dev-LambdaServiceRole",
            "inline_policy": [],
            "managed_policy_arns": [],
            "max_session_duration": 3600,
            "name": "geonex-odm-dev-LambdaServiceRole",
            "name_prefix": "",
            "path": "/",
            "permissions_boundary": "",
            "tags": null,
            "tags_all": {},
            "unique_id": "AROAQ3EGRQZ32BBKR3MBT"
          },
          "sensitive_attributes": [],
          "private": "bnVsbA=="
        }
      ]
    },
    {
      "module": "module.resources",
      "mode": "managed",
      "type": "aws_iam_role_policy",
      "name": "cloudwatch-logs-access",
      "provider": "provider[\"registry.terraform.io/hashicorp/aws\"]",
      "instances": [
        {
          "schema_version": 0,
          "attributes": {
            "id": "geonex-odm-BatchInstanceProfileRole:geonex-odm-CloudWatchLogsAccess",
            "name": "geonex-odm-CloudWatchLogsAccess",
            "name_prefix": "",
            "policy": "{\"Version\":\"2012-10-17\",\"Statement\":[{\"Action\":[\"logs:*\"],\"Effect\":\"Allow\",\"Resource\":[\"*\"]}]}",
            "role": "geonex-odm-BatchInstanceProfileRole"
          },
          "sensitive_attributes": [],
          "private": "bnVsbA==",
          "dependencies": [
            "module.resources.aws_iam_role.batch-instance-profile-role"
          ]
        }
      ]
    },
    {
      "module": "module.resources",
      "mode": "managed",
      "type": "aws_iam_role_policy",
      "name": "ec2-container-service-stuff",
      "provider": "provider[\"registry.terraform.io/hashicorp/aws\"]",
      "instances": [
        {
          "schema_version": 0,
          "attributes": {
            "id": "geonex-odm-BatchInstanceProfileRole:geonex-odm-Ec2ContainerServiceStuff",
            "name": "geonex-odm-Ec2ContainerServiceStuff",
            "name_prefix": "",
            "policy": "{\"Version\":\"2012-10-17\",\"Statement\":[{\"Action\":[\"ecs:CreateCluster\",\"ecs:DeregisterContainerInstance\",\"ecs:DiscoverPollEndpoint\",\"ecs:Poll\",\"ecs:RegisterContainerInstance\",\"ecs:StartTelemetrySession\",\"ecs:UpdateContainerInstancesState\",\"ecs:Submit*\",\"ecr:GetAuthorizationToken\",\"ecr:BatchCheckLayerAvailability\",\"ecr:GetDownloadUrlForLayer\",\"ecr:BatchGetImage\",\"logs:CreateLogStream\",\"logs:PutLogEvents\"],\"Effect\":\"Allow\",\"Resource\":[\"*\"]}]}",
            "role": "geonex-odm-BatchInstanceProfileRole"
          },
          "sensitive_attributes": [],
          "private": "bnVsbA==",
          "dependencies": [
            "module.resources.aws_iam_role.batch-instance-profile-role"
          ]
        }
      ]
    },
    {
      "module": "module.resources",
      "mode": "managed",
      "type": "aws_iam_role_policy",
      "name": "ecr-full-access",
      "provider": "provider[\"registry.terraform.io/hashicorp/aws\"]",
      "instances": [
        {
          "schema_version": 0,
          "attributes": {
            "id": "geonex-odm-BatchInstanceProfileRole:geonex-odm-EcrFullAccess",
            "name": "geonex-odm-EcrFullAccess",
            "name_prefix": "",
            "policy": "{\"Version\":\"2012-10-17\",\"Statement\":[{\"Action\":[\"ecr:*\",\"cloudtrail:LookupEvents\"],\"Effect\":\"Allow\",\"Resource\":[\"*\"]}]}",
            "role": "geonex-odm-BatchInstanceProfileRole"
          },
          "sensitive_attributes": [],
          "private": "bnVsbA==",
          "dependencies": [
            "module.resources.aws_iam_role.batch-instance-profile-role"
          ]
        }
      ]
    },
    {
      "module": "module.resources",
      "mode": "managed",
      "type": "aws_iam_role_policy",
      "name": "ecs-full-access-instance",
      "provider": "provider[\"registry.terraform.io/hashicorp/aws\"]",
      "instances": [
        {
          "schema_version": 0,
          "attributes": {
            "id": "geonex-odm-BatchInstanceProfileRole:geonex-odm-EcsFullAccess",
            "name": "geonex-odm-EcsFullAccess",
            "name_prefix": "",
            "policy": "{\"Version\":\"2012-10-17\",\"Statement\":[{\"Action\":[\"application-autoscaling:DeleteScalingPolicy\",\"application-autoscaling:DeregisterScalableTarget\",\"application-autoscaling:DescribeScalableTargets\",\"application-autoscaling:DescribeScalingActivities\",\"application-autoscaling:DescribeScalingPolicies\",\"application-autoscaling:PutScalingPolicy\",\"application-autoscaling:RegisterScalableTarget\",\"autoscaling:UpdateAutoScalingGroup\",\"autoscaling:CreateAutoScalingGroup\",\"autoscaling:CreateLaunchConfiguration\",\"autoscaling:DeleteAutoScalingGroup\",\"autoscaling:DeleteLaunchConfiguration\",\"autoscaling:Describe*\",\"cloudformation:CreateStack\",\"cloudformation:DeleteStack\",\"cloudformation:DescribeStack*\",\"cloudformation:UpdateStack\",\"cloudwatch:DescribeAlarms\",\"cloudwatch:DeleteAlarms\",\"cloudwatch:GetMetricStatistics\",\"cloudwatch:PutMetricAlarm\",\"codedeploy:CreateApplication\",\"codedeploy:CreateDeployment\",\"codedeploy:CreateDeploymentGroup\",\"codedeploy:GetApplication\",\"codedeploy:GetDeployment\",\"codedeploy:GetDeploymentGroup\",\"codedeploy:ListApplications\",\"codedeploy:ListDeploymentGroups\",\"codedeploy:ListDeployments\",\"codedeploy:StopDeployment\",\"codedeploy:GetDeploymentTarget\",\"codedeploy:ListDeploymentTargets\",\"codedeploy:GetDeploymentConfig\",\"codedeploy:GetApplicationRevision\",\"codedeploy:RegisterApplicationRevision\",\"codedeploy:BatchGetApplicationRevisions\",\"codedeploy:BatchGetDeploymentGroups\",\"codedeploy:BatchGetDeployments\",\"codedeploy:BatchGetApplications\",\"codedeploy:ListApplicationRevisions\",\"codedeploy:ListDeploymentConfigs\",\"codedeploy:ContinueDeployment\",\"sns:ListTopics\",\"lambda:ListFunctions\",\"ec2:AssociateRouteTable\",\"ec2:AttachInternetGateway\",\"ec2:AuthorizeSecurityGroupIngress\",\"ec2:CancelSpotFleetRequests\",\"ec2:CreateInternetGateway\",\"ec2:CreateLaunchTemplate\",\"ec2:CreateRoute\",\"ec2:CreateRouteTable\",\"ec2:CreateSecurityGroup\",\"ec2:CreateSubnet\",\"ec2:CreateVpc\",\"ec2:DeleteLaunchTemplate\",\"ec2:DeleteSubnet\",\"ec2:DeleteVpc\",\"ec2:Describe*\",\"ec2:DetachInternetGateway\",\"ec2:DisassociateRouteTable\",\"ec2:ModifySubnetAttribute\",\"ec2:ModifyVpcAttribute\",\"ec2:RunInstances\",\"ec2:RequestSpotFleet\",\"elasticloadbalancing:CreateListener\",\"elasticloadbalancing:CreateLoadBalancer\",\"elasticloadbalancing:CreateRule\",\"elasticloadbalancing:CreateTargetGroup\",\"elasticloadbalancing:DeleteListener\",\"elasticloadbalancing:DeleteLoadBalancer\",\"elasticloadbalancing:DeleteRule\",\"elasticloadbalancing:DeleteTargetGroup\",\"elasticloadbalancing:DescribeListeners\",\"elasticloadbalancing:DescribeLoadBalancers\",\"elasticloadbalancing:DescribeRules\",\"elasticloadbalancing:DescribeTargetGroups\",\"ecs:*\",\"events:DescribeRule\",\"events:DeleteRule\",\"events:ListRuleNamesByTarget\",\"events:ListTargetsByRule\",\"events:PutRule\",\"events:PutTargets\",\"events:RemoveTargets\",\"iam:ListAttachedRolePolicies\",\"iam:ListInstanceProfiles\",\"iam:ListRoles\",\"logs:CreateLogGroup\",\"logs:DescribeLogGroups\",\"logs:FilterLogEvents\",\"route53:GetHostedZone\",\"route53:ListHostedZonesByName\",\"route53:CreateHostedZone\",\"route53:DeleteHostedZone\",\"route53:GetHealthCheck\",\"servicediscovery:CreatePrivateDnsNamespace\",\"servicediscovery:CreateService\",\"servicediscovery:GetNamespace\",\"servicediscovery:GetOperation\",\"servicediscovery:GetService\",\"servicediscovery:ListNamespaces\",\"servicediscovery:ListServices\",\"servicediscovery:UpdateService\",\"servicediscovery:DeleteService\"],\"Effect\":\"Allow\",\"Resource\":[\"*\"]},{\"Action\":[\"ssm:GetParametersByPath\",\"ssm:GetParameters\",\"ssm:GetParameter\"],\"Effect\":\"Allow\",\"Resource\":[\"arn:aws:ssm:*:*:parameter/aws/service/ecs*\"]},{\"Action\":[\"ec2:DeleteInternetGateway\",\"ec2:DeleteRoute\",\"ec2:DeleteRouteTable\",\"ec2:DeleteSecurityGroup\"],\"Effect\":\"Allow\",\"Resource\":[\"*\"]},{\"Action\":[\"iam:PassRole\"],\"Condition\":{\"StringLike\":{\"iam:PassedToService\":\"ecs-tasks.amazonaws.com\"}},\"Effect\":\"Allow\",\"Resource\":[\"*\"]},{\"Action\":[\"iam:PassRole\"],\"Condition\":{\"StringLike\":{\"iam:PassedToService\":[\"ec2.amazonaws.com\",\"ec2.amazonaws.com.cn\"]}},\"Effect\":\"Allow\",\"Resource\":[\"arn:aws:iam::*:role/ecsInstanceRole*\"]},{\"Action\":[\"iam:PassRole\"],\"Condition\":{\"StringLike\":{\"iam:PassedToService\":[\"application-autoscaling.amazonaws.com\",\"application-autoscaling.amazonaws.com.cn\"]}},\"Effect\":\"Allow\",\"Resource\":[\"arn:aws:iam::*:role/ecsAutoscaleRole\"]},{\"Action\":[\"iam:CreateServiceLinkedRole\"],\"Condition\":{\"StringLike\":{\"iam:AWSServiceName\":[\"ecs.amazonaws.com\",\"spot.amazonaws.com\",\"spotfleet.amazonaws.com\",\"ecs.application-autoscaling.amazonaws.com\",\"autoscaling.amazonaws.com\"]}},\"Effect\":\"Allow\",\"Resource\":[\"*\"]}]}",
            "role": "geonex-odm-BatchInstanceProfileRole"
          },
          "sensitive_attributes": [],
          "private": "bnVsbA==",
          "dependencies": [
            "module.resources.aws_iam_role.batch-instance-profile-role"
          ]
        }
      ]
    },
    {
      "module": "module.resources",
      "mode": "managed",
      "type": "aws_iam_role_policy",
      "name": "ssm-readonly",
      "provider": "provider[\"registry.terraform.io/hashicorp/aws\"]",
      "instances": [
        {
          "schema_version": 0,
          "attributes": {
            "id": "geonex-odm-BatchInstanceProfileRole:geonex-odm-SSMReadOnly",
            "name": "geonex-odm-SSMReadOnly",
            "name_prefix": "",
            "policy": "{\"Version\":\"2012-10-17\",\"Statement\":[{\"Action\":[\"ssm:Describe*\",\"ssm:Get*\",\"ssm:List*\"],\"Effect\":\"Allow\",\"Resource\":[\"*\"]}]}",
            "role": "geonex-odm-BatchInstanceProfileRole"
          },
          "sensitive_attributes": [],
          "private": "bnVsbA==",
          "dependencies": [
            "module.resources.aws_iam_role.batch-instance-profile-role"
          ]
        }
      ]
    },
    {
      "module": "module.resources",
      "mode": "managed",
      "type": "aws_iam_role_policy_attachment",
      "name": "attach-spot-fleet-policy",
      "provider": "provider[\"registry.terraform.io/hashicorp/aws\"]",
      "instances": [
        {
          "schema_version": 0,
          "attributes": {
            "id": "geonex-odm-BatchSpotFleetRole-20240726062835219000000007",
            "policy_arn": "arn:aws:iam::058264225399:policy/geonex-odm-LandrushBatchSpotFleetPolicy",
            "role": "geonex-odm-BatchSpotFleetRole"
          },
          "sensitive_attributes": [],
          "private": "bnVsbA==",
          "dependencies": [
            "module.resources.aws_iam_policy.batch-spot-fleet-policy",
            "module.resources.aws_iam_role.batch-spot-fleet-role"
          ]
        }
      ]
    },
    {
      "module": "module.resources",
      "mode": "managed",
      "type": "aws_iam_role_policy_attachment",
      "name": "ecs-full-job-attach",
      "provider": "provider[\"registry.terraform.io/hashicorp/aws\"]",
      "instances": [
        {
          "schema_version": 0,
          "attributes": {
            "id": "geonex-odm-BatchJobRole-20240726062835105700000005",
            "policy_arn": "arn:aws:iam::058264225399:policy/geonex-odm-EcsFullAccess",
            "role": "geonex-odm-BatchJobRole"
          },
          "sensitive_attributes": [],
          "private": "bnVsbA==",
          "dependencies": [
            "module.resources.aws_iam_policy.ecs-full-access",
            "module.resources.aws_iam_role.batch-job-role"
          ]
        }
      ]
    },
    {
      "module": "module.resources",
      "mode": "managed",
      "type": "aws_iam_role_policy_attachment",
      "name": "ecs-task-job-attach",
      "provider": "provider[\"registry.terraform.io/hashicorp/aws\"]",
      "instances": [
        {
          "schema_version": 0,
          "attributes": {
            "id": "geonex-odm-BatchJobRole-20240726062835231000000008",
            "policy_arn": "arn:aws:iam::058264225399:policy/geonex-odm-EcsTaskExecutionPolicy",
            "role": "geonex-odm-BatchJobRole"
          },
          "sensitive_attributes": [],
          "private": "bnVsbA==",
          "dependencies": [
            "module.resources.aws_iam_policy.ecs-task-execution",
            "module.resources.aws_iam_role.batch-job-role"
          ]
        }
      ]
    },
    {
      "module": "module.resources",
      "mode": "managed",
      "type": "aws_iam_role_policy_attachment",
      "name": "service-attach-1",
      "provider": "provider[\"registry.terraform.io/hashicorp/aws\"]",
      "instances": [
        {
          "schema_version": 0,
          "attributes": {
            "id": "geonex-odm-BatchServiceRole-20240726062834821400000003",
            "policy_arn": "arn:aws:iam::058264225399:policy/geonex-odm-LandrushBatchServicePolicy",
            "role": "geonex-odm-BatchServiceRole"
          },
          "sensitive_attributes": [],
          "private": "bnVsbA==",
          "dependencies": [
            "module.resources.aws_iam_policy.batch-service-policy",
            "module.resources.aws_iam_role.batch-service-role"
          ],
          "create_before_destroy": true
        }
      ]
    },
    {
      "module": "module.resources",
      "mode": "managed",
      "type": "aws_iam_role_policy_attachment",
      "name": "service-attach-2",
      "provider": "provider[\"registry.terraform.io/hashicorp/aws\"]",
      "instances": [
        {
          "schema_version": 0,
          "attributes": {
            "id": "geonex-odm-BatchInstanceProfileRole-20240726062834676500000002",
            "policy_arn": "arn:aws:iam::058264225399:policy/geonex-odm-LandrushBatchServicePolicy",
            "role": "geonex-odm-BatchInstanceProfileRole"
          },
          "sensitive_attributes": [],
          "private": "bnVsbA==",
          "dependencies": [
            "module.resources.aws_iam_policy.batch-service-policy",
            "module.resources.aws_iam_role.batch-instance-profile-role"
          ]
        }
      ]
    },
    {
      "module": "module.resources",
      "mode": "managed",
      "type": "aws_iam_role_policy_attachment",
      "name": "sqs-job-attach",
      "provider": "provider[\"registry.terraform.io/hashicorp/aws\"]",
      "instances": [
        {
          "schema_version": 0,
          "attributes": {
            "id": "geonex-odm-BatchJobRole-20240726062834910900000004",
            "policy_arn": "arn:aws:iam::058264225399:policy/geonex-odm-SqsFullAccess",
            "role": "geonex-odm-BatchJobRole"
          },
          "sensitive_attributes": [],
          "private": "bnVsbA==",
          "dependencies": [
            "module.resources.aws_iam_policy.sqs-full-access",
            "module.resources.aws_iam_role.batch-job-role"
          ]
        }
      ]
    },
    {
      "module": "module.resources",
      "mode": "managed",
      "type": "aws_internet_gateway",
      "name": "gateway",
      "provider": "provider[\"registry.terraform.io/hashicorp/aws\"]",
      "instances": [
        {
          "schema_version": 0,
          "attributes": {
            "arn": "arn:aws:ec2:us-east-1:058264225399:internet-gateway/igw-0f5c0fb181011f0f6",
            "id": "igw-0f5c0fb181011f0f6",
            "owner_id": "058264225399",
            "tags": null,
            "tags_all": {},
            "timeouts": null,
            "vpc_id": "vpc-067c83fb7a6404653"
          },
          "sensitive_attributes": [],
          "private": "eyJlMmJmYjczMC1lY2FhLTExZTYtOGY4OC0zNDM2M2JjN2M0YzAiOnsiY3JlYXRlIjoxMjAwMDAwMDAwMDAwLCJkZWxldGUiOjEyMDAwMDAwMDAwMDAsInVwZGF0ZSI6MTIwMDAwMDAwMDAwMH19",
          "dependencies": [
            "module.resources.aws_vpc.engine-vpc"
          ]
        }
      ]
    },
    {
      "module": "module.resources",
      "mode": "managed",
      "type": "aws_lambda_layer_version",
      "name": "lambda_layer",
      "provider": "provider[\"registry.terraform.io/hashicorp/aws\"]",
      "instances": [
        {
          "schema_version": 0,
          "attributes": {
            "arn": "arn:aws:lambda:us-east-1:058264225399:layer:geonex-odm-dev-lambda-layer:4",
            "code_sha256": "WdVV8SNmKOn0j2DpMiIintZxqGpTDqbk0Ukzi4SbNa4=",
            "compatible_architectures": null,
            "compatible_runtimes": [
              "python3.9"
            ],
            "created_date": "2024-07-26T06:28:54.906+0000",
            "description": "",
            "filename": "./lambda-layer.zip",
            "id": "arn:aws:lambda:us-east-1:058264225399:layer:geonex-odm-dev-lambda-layer:4",
            "layer_arn": "arn:aws:lambda:us-east-1:058264225399:layer:geonex-odm-dev-lambda-layer",
            "layer_name": "geonex-odm-dev-lambda-layer",
            "license_info": "",
            "s3_bucket": null,
            "s3_key": null,
            "s3_object_version": null,
            "signing_job_arn": "",
            "signing_profile_version_arn": "",
            "skip_destroy": false,
            "source_code_hash": "WdVV8SNmKOn0j2DpMiIintZxqGpTDqbk0Ukzi4SbNa4=",
            "source_code_size": 15640144,
            "version": "4"
          },
          "sensitive_attributes": [],
          "private": "bnVsbA==",
          "dependencies": [
            "module.resources.data.archive_file.lambda_layer_zip",
            "module.resources.null_resource.pip_install"
          ]
        }
      ]
    },
    {
      "module": "module.resources",
      "mode": "managed",
      "type": "aws_launch_template",
      "name": "launch_template",
      "provider": "provider[\"registry.terraform.io/hashicorp/aws\"]",
      "instances": [
        {
          "schema_version": 0,
          "attributes": {
            "arn": "arn:aws:ec2:us-east-1:058264225399:launch-template/lt-0f2c0decbfd631a1f",
            "block_device_mappings": [],
            "capacity_reservation_specification": [],
            "cpu_options": [],
            "credit_specification": [],
            "default_version": 1,
            "description": "",
            "disable_api_stop": false,
            "disable_api_termination": false,
            "ebs_optimized": "",
            "elastic_gpu_specifications": [],
            "elastic_inference_accelerator": [],
            "enclave_options": [],
            "hibernation_options": [],
            "iam_instance_profile": [],
            "id": "lt-0f2c0decbfd631a1f",
            "image_id": "",
            "instance_initiated_shutdown_behavior": "",
            "instance_market_options": [],
            "instance_requirements": [],
            "instance_type": "",
            "kernel_id": "",
            "key_name": "",
            "latest_version": 1,
            "license_specification": [],
            "maintenance_options": [],
            "metadata_options": [],
            "monitoring": [],
            "name": "geonex-odm-launch-template",
            "name_prefix": "",
            "network_interfaces": [],
            "placement": [],
            "private_dns_name_options": [],
            "ram_disk_id": "",
            "security_group_names": null,
            "tag_specifications": [
              {
                "resource_type": "instance",
                "tags": {
                  "Name": "geonex-odm-launch-template"
                }
              }
            ],
            "tags": null,
            "tags_all": {},
            "update_default_version": null,
            "user_data": "TUlNRS1WZXJzaW9uOiAxLjAKQ29udGVudC1UeXBlOiBtdWx0aXBhcnQvbWl4ZWQ7IGJvdW5kYXJ5PSI9PU1ZQk9VTkRBUlk9PSIKCi0tPT1NWUJPVU5EQVJZPT0KQ29udGVudC1UeXBlOiB0ZXh0L3gtc2hlbGxzY3JpcHQ7IGNoYXJzZXQ9InVzLWFzY2lpIgoKIyEvYmluL3NoCiMgTW91bnQgU1NELgpCSUc9JChsc2JsayAtYiB8IGdyZXAgbnZtZSB8IGF3ayAne3ByaW50ICQ0ICIgIiAkMX0nIHwgc29ydCAtayAxIC1yIC1uIHwgXAogICAgaGVhZCAtbiAxIHwgYXdrICd7cHJpbnQgJDJ9JykKRVhUPSIvZGV2LyRCSUciCmVjaG8gIk1vdW50aW5nICRFWFQiCm1rZnMgLXQgeGZzICIkRVhUIgpta2RpciAvbG9jYWwKbW91bnQgIiRFWFQiIC9sb2NhbApjaG93biAtUiBlYzItdXNlcjp1c2VycyAvbG9jYWwKCmZhbGxvY2F0ZSAtbCA2NEcgL2xvY2FsL3N3YXBmaWxlCmNobW9kIDYwMCAvbG9jYWwvc3dhcGZpbGUKbWtzd2FwIC9sb2NhbC9zd2FwZmlsZQpzd2Fwb24gL2xvY2FsL3N3YXBmaWxlCnN3YXBvbiAtcwoKCnJlYWQgLXIgLWQgJycgRE9DS0VSX1NFVFRJTkdTIDw8IEVPTQpEQUVNT05fTUFYRklMRVM9MTA0ODU3NgoKIyBBZGRpdGlvbmFsIHN0YXJ0dXAgb3B0aW9ucyBmb3IgdGhlIERvY2tlciBkYWVtb24sIGZvciBleGFtcGxlOgojIE9QVElPTlM9Ii0taXAtZm9yd2FyZD10cnVlIC0taXB0YWJsZXM9dHJ1ZSIKIyBCeSBkZWZhdWx0IHdlIGxpbWl0IHRoZSBudW1iZXIgb2Ygb3BlbiBmaWxlcyBwZXIgY29udGFpbmVyCk9QVElPTlM9Ii0tZGVmYXVsdC11bGltaXQgbm9maWxlPTEwMjQ6NDA5NiAtZyAvbG9jYWwvZG9ja2VyIgoKIyBIb3cgbWFueSBzZWNvbmRzIHRoZSBzeXN2aW5pdCBzY3JpcHQgd2FpdHMgZm9yIHRoZSBwaWRmaWxlIHRvIGFwcGVhcgojIHdoZW4gc3RhcnRpbmcgdGhlIGRhZW1vbi4KREFFTU9OX1BJREZJTEVfVElNRU9VVD0xMApFT00KCmVjaG8gLWUgIiRET0NLRVJfU0VUVElOR1MiID4gL2V0Yy9zeXNjb25maWcvZG9ja2VyCgpzZXJ2aWNlIGRvY2tlciByZXN0YXJ0CgotLT09TVlCT1VOREFSWT09LS1cCg==",
            "vpc_security_group_ids": null
          },
          "sensitive_attributes": [],
          "private": "bnVsbA==",
          "create_before_destroy": true
        }
      ]
    },
    {
      "module": "module.resources",
      "mode": "managed",
      "type": "aws_route",
      "name": "InternetGatewayConnect",
      "provider": "provider[\"registry.terraform.io/hashicorp/aws\"]",
      "instances": [
        {
          "schema_version": 0,
          "attributes": {
            "carrier_gateway_id": "",
            "core_network_arn": "",
            "destination_cidr_block": "0.0.0.0/0",
            "destination_ipv6_cidr_block": "",
            "destination_prefix_list_id": "",
            "egress_only_gateway_id": "",
            "gateway_id": "igw-0f5c0fb181011f0f6",
            "id": "r-rtb-03c43183c25c2e2ab1080289494",
            "instance_id": "",
            "instance_owner_id": "",
            "local_gateway_id": "",
            "nat_gateway_id": "",
            "network_interface_id": "",
            "origin": "CreateRoute",
            "route_table_id": "rtb-03c43183c25c2e2ab",
            "state": "active",
            "timeouts": null,
            "transit_gateway_id": "",
            "vpc_endpoint_id": "",
            "vpc_peering_connection_id": ""
          },
          "sensitive_attributes": [],
          "private": "eyJlMmJmYjczMC1lY2FhLTExZTYtOGY4OC0zNDM2M2JjN2M0YzAiOnsiY3JlYXRlIjozMDAwMDAwMDAwMDAsImRlbGV0ZSI6MzAwMDAwMDAwMDAwLCJ1cGRhdGUiOjEyMDAwMDAwMDAwMH19",
          "dependencies": [
            "module.resources.aws_internet_gateway.gateway",
            "module.resources.aws_route_table.route-table",
            "module.resources.aws_vpc.engine-vpc"
          ]
        }
      ]
    },
    {
      "module": "module.resources",
      "mode": "managed",
      "type": "aws_route_table",
      "name": "route-table",
      "provider": "provider[\"registry.terraform.io/hashicorp/aws\"]",
      "instances": [
        {
          "schema_version": 0,
          "attributes": {
            "arn": "arn:aws:ec2:us-east-1:058264225399:route-table/rtb-03c43183c25c2e2ab",
            "id": "rtb-03c43183c25c2e2ab",
            "owner_id": "058264225399",
            "propagating_vgws": [],
            "route": [],
            "tags": null,
            "tags_all": {},
            "timeouts": null,
            "vpc_id": "vpc-067c83fb7a6404653"
          },
          "sensitive_attributes": [],
          "private": "eyJlMmJmYjczMC1lY2FhLTExZTYtOGY4OC0zNDM2M2JjN2M0YzAiOnsiY3JlYXRlIjozMDAwMDAwMDAwMDAsImRlbGV0ZSI6MzAwMDAwMDAwMDAwLCJ1cGRhdGUiOjEyMDAwMDAwMDAwMH19",
          "dependencies": [
            "module.resources.aws_vpc.engine-vpc"
          ]
        }
      ]
    },
    {
      "module": "module.resources",
      "mode": "managed",
      "type": "aws_route_table_association",
      "name": "subnet-route-connections",
      "provider": "provider[\"registry.terraform.io/hashicorp/aws\"]",
      "instances": [
        {
          "index_key": 0,
          "schema_version": 0,
          "attributes": {
            "gateway_id": "",
            "id": "rtbassoc-075219d3a3c4b0f70",
            "route_table_id": "rtb-03c43183c25c2e2ab",
            "subnet_id": "subnet-08488290d59dc9351",
            "timeouts": null
          },
          "sensitive_attributes": [],
          "private": "eyJlMmJmYjczMC1lY2FhLTExZTYtOGY4OC0zNDM2M2JjN2M0YzAiOnsiY3JlYXRlIjozMDAwMDAwMDAwMDAsImRlbGV0ZSI6MzAwMDAwMDAwMDAwLCJ1cGRhdGUiOjEyMDAwMDAwMDAwMH19",
          "dependencies": [
            "module.resources.aws_route_table.route-table",
            "module.resources.aws_subnet.worker-subnets",
            "module.resources.aws_vpc.engine-vpc",
            "module.resources.data.aws_availability_zone.available",
            "module.resources.data.aws_availability_zones.available"
          ]
        },
        {
          "index_key": 1,
          "schema_version": 0,
          "attributes": {
            "gateway_id": "",
            "id": "rtbassoc-039ac8e802d86a55b",
            "route_table_id": "rtb-03c43183c25c2e2ab",
            "subnet_id": "subnet-0a91dc68987c391cb",
            "timeouts": null
          },
          "sensitive_attributes": [],
          "private": "eyJlMmJmYjczMC1lY2FhLTExZTYtOGY4OC0zNDM2M2JjN2M0YzAiOnsiY3JlYXRlIjozMDAwMDAwMDAwMDAsImRlbGV0ZSI6MzAwMDAwMDAwMDAwLCJ1cGRhdGUiOjEyMDAwMDAwMDAwMH19",
          "dependencies": [
            "module.resources.aws_route_table.route-table",
            "module.resources.aws_subnet.worker-subnets",
            "module.resources.aws_vpc.engine-vpc",
            "module.resources.data.aws_availability_zone.available",
            "module.resources.data.aws_availability_zones.available"
          ]
        },
        {
          "index_key": 2,
          "schema_version": 0,
          "attributes": {
            "gateway_id": "",
            "id": "rtbassoc-0c230184b5565e2e4",
            "route_table_id": "rtb-03c43183c25c2e2ab",
            "subnet_id": "subnet-07a6e3f8960c13c86",
            "timeouts": null
          },
          "sensitive_attributes": [],
          "private": "eyJlMmJmYjczMC1lY2FhLTExZTYtOGY4OC0zNDM2M2JjN2M0YzAiOnsiY3JlYXRlIjozMDAwMDAwMDAwMDAsImRlbGV0ZSI6MzAwMDAwMDAwMDAwLCJ1cGRhdGUiOjEyMDAwMDAwMDAwMH19",
          "dependencies": [
            "module.resources.aws_route_table.route-table",
            "module.resources.aws_subnet.worker-subnets",
            "module.resources.aws_vpc.engine-vpc",
            "module.resources.data.aws_availability_zone.available",
            "module.resources.data.aws_availability_zones.available"
          ]
        },
        {
          "index_key": 3,
          "schema_version": 0,
          "attributes": {
            "gateway_id": "",
            "id": "rtbassoc-0e123e183d2d73610",
            "route_table_id": "rtb-03c43183c25c2e2ab",
            "subnet_id": "subnet-0af862dc61e1aa13f",
            "timeouts": null
          },
          "sensitive_attributes": [],
          "private": "eyJlMmJmYjczMC1lY2FhLTExZTYtOGY4OC0zNDM2M2JjN2M0YzAiOnsiY3JlYXRlIjozMDAwMDAwMDAwMDAsImRlbGV0ZSI6MzAwMDAwMDAwMDAwLCJ1cGRhdGUiOjEyMDAwMDAwMDAwMH19",
          "dependencies": [
            "module.resources.aws_route_table.route-table",
            "module.resources.aws_subnet.worker-subnets",
            "module.resources.aws_vpc.engine-vpc",
            "module.resources.data.aws_availability_zone.available",
            "module.resources.data.aws_availability_zones.available"
          ]
        },
        {
          "index_key": 4,
          "schema_version": 0,
          "attributes": {
            "gateway_id": "",
            "id": "rtbassoc-071b228a52ce1bead",
            "route_table_id": "rtb-03c43183c25c2e2ab",
            "subnet_id": "subnet-0283acd3668055450",
            "timeouts": null
          },
          "sensitive_attributes": [],
          "private": "eyJlMmJmYjczMC1lY2FhLTExZTYtOGY4OC0zNDM2M2JjN2M0YzAiOnsiY3JlYXRlIjozMDAwMDAwMDAwMDAsImRlbGV0ZSI6MzAwMDAwMDAwMDAwLCJ1cGRhdGUiOjEyMDAwMDAwMDAwMH19",
          "dependencies": [
            "module.resources.aws_route_table.route-table",
            "module.resources.aws_subnet.worker-subnets",
            "module.resources.aws_vpc.engine-vpc",
            "module.resources.data.aws_availability_zone.available",
            "module.resources.data.aws_availability_zones.available"
          ]
        },
        {
          "index_key": 5,
          "schema_version": 0,
          "attributes": {
            "gateway_id": "",
            "id": "rtbassoc-028a2c3da23007f98",
            "route_table_id": "rtb-03c43183c25c2e2ab",
            "subnet_id": "subnet-08f03b5ff4b637649",
            "timeouts": null
          },
          "sensitive_attributes": [],
          "private": "eyJlMmJmYjczMC1lY2FhLTExZTYtOGY4OC0zNDM2M2JjN2M0YzAiOnsiY3JlYXRlIjozMDAwMDAwMDAwMDAsImRlbGV0ZSI6MzAwMDAwMDAwMDAwLCJ1cGRhdGUiOjEyMDAwMDAwMDAwMH19",
          "dependencies": [
            "module.resources.aws_route_table.route-table",
            "module.resources.aws_subnet.worker-subnets",
            "module.resources.aws_vpc.engine-vpc",
            "module.resources.data.aws_availability_zone.available",
            "module.resources.data.aws_availability_zones.available"
          ]
        }
      ]
    },
    {
      "module": "module.resources",
      "mode": "managed",
      "type": "aws_security_group",
      "name": "worker-security-group",
      "provider": "provider[\"registry.terraform.io/hashicorp/aws\"]",
      "instances": [
        {
          "schema_version": 1,
          "attributes": {
            "arn": "arn:aws:ec2:us-east-1:058264225399:security-group/sg-0fddaf0df8f9010b6",
            "description": "Security group for coord worker instances",
            "egress": [
              {
                "cidr_blocks": [
                  "0.0.0.0/0"
                ],
                "description": "",
                "from_port": 0,
                "ipv6_cidr_blocks": [],
                "prefix_list_ids": [],
                "protocol": "tcp",
                "security_groups": [],
                "self": false,
                "to_port": 65535
              }
            ],
            "id": "sg-0fddaf0df8f9010b6",
            "ingress": [
              {
                "cidr_blocks": [
                  "12.0.0.0/16"
                ],
                "description": "",
                "from_port": 22,
                "ipv6_cidr_blocks": [],
                "prefix_list_ids": [],
                "protocol": "tcp",
                "security_groups": [],
                "self": false,
                "to_port": 22
              }
            ],
            "name": "WorkerSecurityGroup",
            "name_prefix": "",
            "owner_id": "058264225399",
            "revoke_rules_on_delete": false,
            "tags": null,
            "tags_all": {},
            "timeouts": null,
            "vpc_id": "vpc-067c83fb7a6404653"
          },
          "sensitive_attributes": [],
          "private": "eyJlMmJmYjczMC1lY2FhLTExZTYtOGY4OC0zNDM2M2JjN2M0YzAiOnsiY3JlYXRlIjo2MDAwMDAwMDAwMDAsImRlbGV0ZSI6OTAwMDAwMDAwMDAwfSwic2NoZW1hX3ZlcnNpb24iOiIxIn0=",
          "dependencies": [
            "module.resources.aws_vpc.engine-vpc"
          ],
          "create_before_destroy": true
        }
      ]
    },
    {
      "module": "module.resources",
      "mode": "managed",
      "type": "aws_sns_topic",
      "name": "codm-notifications-sns",
      "provider": "provider[\"registry.terraform.io/hashicorp/aws\"]",
      "instances": [
        {
          "schema_version": 0,
          "attributes": {
            "application_failure_feedback_role_arn": "",
            "application_success_feedback_role_arn": "",
            "application_success_feedback_sample_rate": 0,
            "archive_policy": "",
            "arn": "arn:aws:sns:us-east-1:058264225399:geonex-odm-dev-notifications",
            "beginning_archive_time": "",
            "content_based_deduplication": false,
            "delivery_policy": "",
            "display_name": "Cloud ODM Processing Topic",
            "fifo_topic": false,
            "firehose_failure_feedback_role_arn": "",
            "firehose_success_feedback_role_arn": "",
            "firehose_success_feedback_sample_rate": 0,
            "http_failure_feedback_role_arn": "",
            "http_success_feedback_role_arn": "",
            "http_success_feedback_sample_rate": 0,
            "id": "arn:aws:sns:us-east-1:058264225399:geonex-odm-dev-notifications",
            "kms_master_key_id": "",
            "lambda_failure_feedback_role_arn": "",
            "lambda_success_feedback_role_arn": "",
            "lambda_success_feedback_sample_rate": 0,
            "name": "geonex-odm-dev-notifications",
            "name_prefix": "",
            "owner": "058264225399",
            "policy": "{\"Id\":\"__default_policy_ID\",\"Statement\":[{\"Action\":[\"SNS:GetTopicAttributes\",\"SNS:SetTopicAttributes\",\"SNS:AddPermission\",\"SNS:RemovePermission\",\"SNS:DeleteTopic\",\"SNS:Subscribe\",\"SNS:ListSubscriptionsByTopic\",\"SNS:Publish\"],\"Condition\":{\"StringEquals\":{\"AWS:SourceOwner\":\"058264225399\"}},\"Effect\":\"Allow\",\"Principal\":{\"AWS\":\"*\"},\"Resource\":\"arn:aws:sns:us-east-1:058264225399:geonex-odm-dev-notifications\",\"Sid\":\"__default_statement_ID\"}],\"Version\":\"2008-10-17\"}",
            "signature_version": 0,
            "sqs_failure_feedback_role_arn": "",
            "sqs_success_feedback_role_arn": "",
            "sqs_success_feedback_sample_rate": 0,
            "tags": {
              "Name": "geonex-odm:sns.dev.notifications"
            },
            "tags_all": {
              "Name": "geonex-odm:sns.dev.notifications"
            },
            "tracing_config": ""
          },
          "sensitive_attributes": [],
          "private": "bnVsbA=="
        }
      ]
    },
    {
      "module": "module.resources",
      "mode": "managed",
      "type": "aws_sns_topic_policy",
      "name": "batch-watch-policy",
      "provider": "provider[\"registry.terraform.io/hashicorp/aws\"]",
      "instances": [
        {
          "schema_version": 0,
          "attributes": {
            "arn": "arn:aws:sns:us-east-1:058264225399:geonex-odm-dev-notifications",
            "id": "arn:aws:sns:us-east-1:058264225399:geonex-odm-dev-notifications",
            "owner": "058264225399",
            "policy": "{\"Id\":\"geonex-odm-dev-sns-watcher-policy\",\"Statement\":[{\"Action\":\"SNS:Publish\",\"Effect\":\"Allow\",\"Principal\":{\"AWS\":\"*\"},\"Resource\":\"arn:aws:sns:us-east-1:058264225399:geonex-odm-dev-notifications\",\"Sid\":\"geonex-odm-sns-topic-statement-id\"}],\"Version\":\"2012-10-17\"}"
          },
          "sensitive_attributes": [],
          "private": "bnVsbA==",
          "dependencies": [
            "module.resources.aws_sns_topic.codm-notifications-sns",
            "module.resources.data.aws_iam_policy_document.sns-topic-policy"
          ]
        }
      ]
    },
    {
      "module": "module.resources",
      "mode": "managed",
      "type": "aws_subnet",
      "name": "worker-subnets",
      "provider": "provider[\"registry.terraform.io/hashicorp/aws\"]",
      "instances": [
        {
          "index_key": 0,
          "schema_version": 1,
          "attributes": {
            "arn": "arn:aws:ec2:us-east-1:058264225399:subnet/subnet-08488290d59dc9351",
            "assign_ipv6_address_on_creation": false,
            "availability_zone": "us-east-1a",
            "availability_zone_id": "use1-az6",
            "cidr_block": "12.0.0.0/24",
            "customer_owned_ipv4_pool": "",
            "enable_dns64": false,
            "enable_lni_at_device_index": 0,
            "enable_resource_name_dns_a_record_on_launch": false,
            "enable_resource_name_dns_aaaa_record_on_launch": false,
            "id": "subnet-08488290d59dc9351",
            "ipv6_cidr_block": "",
            "ipv6_cidr_block_association_id": "",
            "ipv6_native": false,
            "map_customer_owned_ip_on_launch": false,
            "map_public_ip_on_launch": true,
            "outpost_arn": "",
            "owner_id": "058264225399",
            "private_dns_hostname_type_on_launch": "ip-name",
            "tags": null,
            "tags_all": {},
            "timeouts": null,
            "vpc_id": "vpc-067c83fb7a6404653"
          },
          "sensitive_attributes": [],
          "private": "eyJlMmJmYjczMC1lY2FhLTExZTYtOGY4OC0zNDM2M2JjN2M0YzAiOnsiY3JlYXRlIjo2MDAwMDAwMDAwMDAsImRlbGV0ZSI6MTIwMDAwMDAwMDAwMH0sInNjaGVtYV92ZXJzaW9uIjoiMSJ9",
          "dependencies": [
            "module.resources.aws_vpc.engine-vpc",
            "module.resources.data.aws_availability_zone.available",
            "module.resources.data.aws_availability_zones.available"
          ],
          "create_before_destroy": true
        },
        {
          "index_key": 1,
          "schema_version": 1,
          "attributes": {
            "arn": "arn:aws:ec2:us-east-1:058264225399:subnet/subnet-0a91dc68987c391cb",
            "assign_ipv6_address_on_creation": false,
            "availability_zone": "us-east-1b",
            "availability_zone_id": "use1-az1",
            "cidr_block": "12.0.1.0/24",
            "customer_owned_ipv4_pool": "",
            "enable_dns64": false,
            "enable_lni_at_device_index": 0,
            "enable_resource_name_dns_a_record_on_launch": false,
            "enable_resource_name_dns_aaaa_record_on_launch": false,
            "id": "subnet-0a91dc68987c391cb",
            "ipv6_cidr_block": "",
            "ipv6_cidr_block_association_id": "",
            "ipv6_native": false,
            "map_customer_owned_ip_on_launch": false,
            "map_public_ip_on_launch": true,
            "outpost_arn": "",
            "owner_id": "058264225399",
            "private_dns_hostname_type_on_launch": "ip-name",
            "tags": null,
            "tags_all": {},
            "timeouts": null,
            "vpc_id": "vpc-067c83fb7a6404653"
          },
          "sensitive_attributes": [],
          "private": "eyJlMmJmYjczMC1lY2FhLTExZTYtOGY4OC0zNDM2M2JjN2M0YzAiOnsiY3JlYXRlIjo2MDAwMDAwMDAwMDAsImRlbGV0ZSI6MTIwMDAwMDAwMDAwMH0sInNjaGVtYV92ZXJzaW9uIjoiMSJ9",
          "dependencies": [
            "module.resources.aws_vpc.engine-vpc",
            "module.resources.data.aws_availability_zone.available",
            "module.resources.data.aws_availability_zones.available"
          ],
          "create_before_destroy": true
        },
        {
          "index_key": 2,
          "schema_version": 1,
          "attributes": {
            "arn": "arn:aws:ec2:us-east-1:058264225399:subnet/subnet-07a6e3f8960c13c86",
            "assign_ipv6_address_on_creation": false,
            "availability_zone": "us-east-1c",
            "availability_zone_id": "use1-az2",
            "cidr_block": "12.0.2.0/24",
            "customer_owned_ipv4_pool": "",
            "enable_dns64": false,
            "enable_lni_at_device_index": 0,
            "enable_resource_name_dns_a_record_on_launch": false,
            "enable_resource_name_dns_aaaa_record_on_launch": false,
            "id": "subnet-07a6e3f8960c13c86",
            "ipv6_cidr_block": "",
            "ipv6_cidr_block_association_id": "",
            "ipv6_native": false,
            "map_customer_owned_ip_on_launch": false,
            "map_public_ip_on_launch": true,
            "outpost_arn": "",
            "owner_id": "058264225399",
            "private_dns_hostname_type_on_launch": "ip-name",
            "tags": null,
            "tags_all": {},
            "timeouts": null,
            "vpc_id": "vpc-067c83fb7a6404653"
          },
          "sensitive_attributes": [],
          "private": "eyJlMmJmYjczMC1lY2FhLTExZTYtOGY4OC0zNDM2M2JjN2M0YzAiOnsiY3JlYXRlIjo2MDAwMDAwMDAwMDAsImRlbGV0ZSI6MTIwMDAwMDAwMDAwMH0sInNjaGVtYV92ZXJzaW9uIjoiMSJ9",
          "dependencies": [
            "module.resources.aws_vpc.engine-vpc",
            "module.resources.data.aws_availability_zone.available",
            "module.resources.data.aws_availability_zones.available"
          ],
          "create_before_destroy": true
        },
        {
          "index_key": 3,
          "schema_version": 1,
          "attributes": {
            "arn": "arn:aws:ec2:us-east-1:058264225399:subnet/subnet-0af862dc61e1aa13f",
            "assign_ipv6_address_on_creation": false,
            "availability_zone": "us-east-1d",
            "availability_zone_id": "use1-az4",
            "cidr_block": "12.0.3.0/24",
            "customer_owned_ipv4_pool": "",
            "enable_dns64": false,
            "enable_lni_at_device_index": 0,
            "enable_resource_name_dns_a_record_on_launch": false,
            "enable_resource_name_dns_aaaa_record_on_launch": false,
            "id": "subnet-0af862dc61e1aa13f",
            "ipv6_cidr_block": "",
            "ipv6_cidr_block_association_id": "",
            "ipv6_native": false,
            "map_customer_owned_ip_on_launch": false,
            "map_public_ip_on_launch": true,
            "outpost_arn": "",
            "owner_id": "058264225399",
            "private_dns_hostname_type_on_launch": "ip-name",
            "tags": null,
            "tags_all": {},
            "timeouts": null,
            "vpc_id": "vpc-067c83fb7a6404653"
          },
          "sensitive_attributes": [],
          "private": "eyJlMmJmYjczMC1lY2FhLTExZTYtOGY4OC0zNDM2M2JjN2M0YzAiOnsiY3JlYXRlIjo2MDAwMDAwMDAwMDAsImRlbGV0ZSI6MTIwMDAwMDAwMDAwMH0sInNjaGVtYV92ZXJzaW9uIjoiMSJ9",
          "dependencies": [
            "module.resources.aws_vpc.engine-vpc",
            "module.resources.data.aws_availability_zone.available",
            "module.resources.data.aws_availability_zones.available"
          ],
          "create_before_destroy": true
        },
        {
          "index_key": 4,
          "schema_version": 1,
          "attributes": {
            "arn": "arn:aws:ec2:us-east-1:058264225399:subnet/subnet-0283acd3668055450",
            "assign_ipv6_address_on_creation": false,
            "availability_zone": "us-east-1e",
            "availability_zone_id": "use1-az3",
            "cidr_block": "12.0.4.0/24",
            "customer_owned_ipv4_pool": "",
            "enable_dns64": false,
            "enable_lni_at_device_index": 0,
            "enable_resource_name_dns_a_record_on_launch": false,
            "enable_resource_name_dns_aaaa_record_on_launch": false,
            "id": "subnet-0283acd3668055450",
            "ipv6_cidr_block": "",
            "ipv6_cidr_block_association_id": "",
            "ipv6_native": false,
            "map_customer_owned_ip_on_launch": false,
            "map_public_ip_on_launch": true,
            "outpost_arn": "",
            "owner_id": "058264225399",
            "private_dns_hostname_type_on_launch": "ip-name",
            "tags": null,
            "tags_all": {},
            "timeouts": null,
            "vpc_id": "vpc-067c83fb7a6404653"
          },
          "sensitive_attributes": [],
          "private": "eyJlMmJmYjczMC1lY2FhLTExZTYtOGY4OC0zNDM2M2JjN2M0YzAiOnsiY3JlYXRlIjo2MDAwMDAwMDAwMDAsImRlbGV0ZSI6MTIwMDAwMDAwMDAwMH0sInNjaGVtYV92ZXJzaW9uIjoiMSJ9",
          "dependencies": [
            "module.resources.aws_vpc.engine-vpc",
            "module.resources.data.aws_availability_zone.available",
            "module.resources.data.aws_availability_zones.available"
          ],
          "create_before_destroy": true
        },
        {
          "index_key": 5,
          "schema_version": 1,
          "attributes": {
            "arn": "arn:aws:ec2:us-east-1:058264225399:subnet/subnet-08f03b5ff4b637649",
            "assign_ipv6_address_on_creation": false,
            "availability_zone": "us-east-1f",
            "availability_zone_id": "use1-az5",
            "cidr_block": "12.0.5.0/24",
            "customer_owned_ipv4_pool": "",
            "enable_dns64": false,
            "enable_lni_at_device_index": 0,
            "enable_resource_name_dns_a_record_on_launch": false,
            "enable_resource_name_dns_aaaa_record_on_launch": false,
            "id": "subnet-08f03b5ff4b637649",
            "ipv6_cidr_block": "",
            "ipv6_cidr_block_association_id": "",
            "ipv6_native": false,
            "map_customer_owned_ip_on_launch": false,
            "map_public_ip_on_launch": true,
            "outpost_arn": "",
            "owner_id": "058264225399",
            "private_dns_hostname_type_on_launch": "ip-name",
            "tags": null,
            "tags_all": {},
            "timeouts": null,
            "vpc_id": "vpc-067c83fb7a6404653"
          },
          "sensitive_attributes": [],
          "private": "eyJlMmJmYjczMC1lY2FhLTExZTYtOGY4OC0zNDM2M2JjN2M0YzAiOnsiY3JlYXRlIjo2MDAwMDAwMDAwMDAsImRlbGV0ZSI6MTIwMDAwMDAwMDAwMH0sInNjaGVtYV92ZXJzaW9uIjoiMSJ9",
          "dependencies": [
            "module.resources.aws_vpc.engine-vpc",
            "module.resources.data.aws_availability_zone.available",
            "module.resources.data.aws_availability_zones.available"
          ],
          "create_before_destroy": true
        }
      ]
    },
    {
      "module": "module.resources",
      "mode": "managed",
      "type": "aws_vpc",
      "name": "engine-vpc",
      "provider": "provider[\"registry.terraform.io/hashicorp/aws\"]",
      "instances": [
        {
          "schema_version": 1,
          "attributes": {
            "arn": "arn:aws:ec2:us-east-1:058264225399:vpc/vpc-067c83fb7a6404653",
            "assign_generated_ipv6_cidr_block": false,
            "cidr_block": "12.0.0.0/16",
            "default_network_acl_id": "acl-040f45964b06a74cb",
            "default_route_table_id": "rtb-0dcdfa0e4baee0b37",
            "default_security_group_id": "sg-08ba1ccfa542e9bdd",
            "dhcp_options_id": "dopt-09e0107c46a376f07",
            "enable_dns_hostnames": false,
            "enable_dns_support": true,
            "enable_network_address_usage_metrics": false,
            "id": "vpc-067c83fb7a6404653",
            "instance_tenancy": "default",
            "ipv4_ipam_pool_id": null,
            "ipv4_netmask_length": null,
            "ipv6_association_id": "",
            "ipv6_cidr_block": "",
            "ipv6_cidr_block_network_border_group": "",
            "ipv6_ipam_pool_id": "",
            "ipv6_netmask_length": 0,
            "main_route_table_id": "rtb-0dcdfa0e4baee0b37",
            "owner_id": "058264225399",
            "tags": null,
            "tags_all": {}
          },
          "sensitive_attributes": [],
          "private": "eyJzY2hlbWFfdmVyc2lvbiI6IjEifQ==",
          "create_before_destroy": true
        }
      ]
    },
    {
      "module": "module.resources",
      "mode": "managed",
      "type": "null_resource",
      "name": "ecr_image",
      "provider": "provider[\"registry.terraform.io/hashicorp/null\"]",
      "instances": [
        {
          "schema_version": 0,
          "attributes": {
            "id": "2158793816665452679",
            "triggers": {
              "docker_file": "52f063d053a320e865dd7d0898e5fdfa",
              "entry_file": "4178a5ce182c3170545f77458d529d34"
            }
          },
          "sensitive_attributes": [],
          "dependencies": [
            "module.resources.aws_ecr_repository.repo",
            "module.resources.data.aws_caller_identity.current",
            "module.resources.data.aws_region.current"
          ]
        }
      ]
    },
    {
      "module": "module.resources",
      "mode": "managed",
      "type": "null_resource",
      "name": "lambda_code",
      "provider": "provider[\"registry.terraform.io/hashicorp/null\"]",
      "instances": [
        {
          "schema_version": 0,
          "attributes": {
            "id": "4716421505930766699",
            "triggers": {
              "python_file": "e6ae86f9e013652e06b2203fcc46d902"
            }
          },
          "sensitive_attributes": []
        }
      ]
    },
    {
      "module": "module.resources",
      "mode": "managed",
      "type": "null_resource",
      "name": "pip_install",
      "provider": "provider[\"registry.terraform.io/hashicorp/null\"]",
      "instances": [
        {
          "schema_version": 0,
          "attributes": {
            "id": "1557480133294456827",
            "triggers": {
              "shell_hash": "fbf524556df87c85adc00e95034b346d5f4c8a503bb5fca7187b2b4250a137b8"
            }
          },
          "sensitive_attributes": []
        }
      ]
    }
  ],
  "check_results": null
}
